// !$*UTF8*$!
{
	archiveVersion = 1;
	classes = {
	};
	objectVersion = 46;
	objects = {

/* Begin PBXBuildFile section */
		430B83711F1DDB7B007585F2 /* LoginViewController.swift in Sources */ = {isa = PBXBuildFile; fileRef = 430B83701F1DDB7B007585F2 /* LoginViewController.swift */; };
		4313C1E61F6448B700DBF27A /* Credits.storyboard in Resources */ = {isa = PBXBuildFile; fileRef = 4313C1E51F6448B700DBF27A /* Credits.storyboard */; };
		4313C1E81F644AC400DBF27A /* CreditsViewController.swift in Sources */ = {isa = PBXBuildFile; fileRef = 4313C1E71F644AC400DBF27A /* CreditsViewController.swift */; };
		4313C1EA1F644E5400DBF27A /* RedeemViewController.swift in Sources */ = {isa = PBXBuildFile; fileRef = 4313C1E91F644E5400DBF27A /* RedeemViewController.swift */; };
		4319355C1F47963E005BB082 /* BookingViewController.swift in Sources */ = {isa = PBXBuildFile; fileRef = 4319355B1F47963E005BB082 /* BookingViewController.swift */; };
		4319355E1F4799A8005BB082 /* AppContent.swift in Sources */ = {isa = PBXBuildFile; fileRef = 4319355D1F4799A8005BB082 /* AppContent.swift */; };
		431935601F47A00C005BB082 /* HTCollectionViewCell.swift in Sources */ = {isa = PBXBuildFile; fileRef = 4319355F1F47A00C005BB082 /* HTCollectionViewCell.swift */; };
		4343932F1F315CFB00861426 /* DatePickerViewController.swift in Sources */ = {isa = PBXBuildFile; fileRef = 4343932D1F315CFB00861426 /* DatePickerViewController.swift */; };
		434393301F315CFB00861426 /* DatePickerViewController.xib in Resources */ = {isa = PBXBuildFile; fileRef = 4343932E1F315CFB00861426 /* DatePickerViewController.xib */; };
		434B66191F4B3988007CE9E2 /* Places.storyboard in Resources */ = {isa = PBXBuildFile; fileRef = 434B66181F4B3988007CE9E2 /* Places.storyboard */; };
		434B661B1F4B39F6007CE9E2 /* PlacePickerViewController.swift in Sources */ = {isa = PBXBuildFile; fileRef = 434B661A1F4B39F6007CE9E2 /* PlacePickerViewController.swift */; };
		434B661D1F4B3A0E007CE9E2 /* PlaceEditorViewController.swift in Sources */ = {isa = PBXBuildFile; fileRef = 434B661C1F4B3A0E007CE9E2 /* PlaceEditorViewController.swift */; };
		434B66201F4BC0C8007CE9E2 /* Payments.storyboard in Resources */ = {isa = PBXBuildFile; fileRef = 434B661F1F4BC0C8007CE9E2 /* Payments.storyboard */; };
		434D5C501F48949A00C17541 /* HomiePickerViewController.swift in Sources */ = {isa = PBXBuildFile; fileRef = 434D5C4E1F48949A00C17541 /* HomiePickerViewController.swift */; };
		434D5C511F48949A00C17541 /* HomiePickerViewController.xib in Resources */ = {isa = PBXBuildFile; fileRef = 434D5C4F1F48949A00C17541 /* HomiePickerViewController.xib */; };
		434D5C541F48D8CF00C17541 /* iconArrowGreen.png in Resources */ = {isa = PBXBuildFile; fileRef = 434D5C521F48D8CF00C17541 /* iconArrowGreen.png */; };
		434D5C551F48D8CF00C17541 /* iconArrowWhite.png in Resources */ = {isa = PBXBuildFile; fileRef = 434D5C531F48D8CF00C17541 /* iconArrowWhite.png */; };
		434D5C581F48DAEF00C17541 /* HomieConfirmViewController.swift in Sources */ = {isa = PBXBuildFile; fileRef = 434D5C561F48DAEF00C17541 /* HomieConfirmViewController.swift */; };
		434D5C5B1F48DE7F00C17541 /* Booking.storyboard in Resources */ = {isa = PBXBuildFile; fileRef = 434D5C5A1F48DE7F00C17541 /* Booking.storyboard */; };
		434E05191F62124A00214CD3 /* Other.storyboard in Resources */ = {isa = PBXBuildFile; fileRef = 434E05181F62124A00214CD3 /* Other.storyboard */; };
		434E051B1F62128100214CD3 /* ServiceRatingViewController.swift in Sources */ = {isa = PBXBuildFile; fileRef = 434E051A1F62128100214CD3 /* ServiceRatingViewController.swift */; };
		434E051D1F62515F00214CD3 /* Notification.swift in Sources */ = {isa = PBXBuildFile; fileRef = 434E051C1F62515F00214CD3 /* Notification.swift */; };
		435B24621F60E9EE00F2AC5C /* ProfileChangeViewController.swift in Sources */ = {isa = PBXBuildFile; fileRef = 435B24611F60E9EE00F2AC5C /* ProfileChangeViewController.swift */; };
		43628D9B1F328FE600C5444D /* OptionPicker.swift in Sources */ = {isa = PBXBuildFile; fileRef = 43628D991F328FE600C5444D /* OptionPicker.swift */; };
		43628D9F1F32939F00C5444D /* OptionPicker.storyboard in Resources */ = {isa = PBXBuildFile; fileRef = 43628D9E1F32939F00C5444D /* OptionPicker.storyboard */; };
		438E331F1F657308005117AF /* Coupon.swift in Sources */ = {isa = PBXBuildFile; fileRef = 438E331E1F657308005117AF /* Coupon.swift */; };
		438E33221F659188005117AF /* HTAlertViewController.swift in Sources */ = {isa = PBXBuildFile; fileRef = 438E33201F659188005117AF /* HTAlertViewController.swift */; };
		438E33231F659188005117AF /* HTAlertViewController.xib in Resources */ = {isa = PBXBuildFile; fileRef = 438E33211F659188005117AF /* HTAlertViewController.xib */; };
		439684641F69E73400CEC79B /* HometapUITests.swift in Sources */ = {isa = PBXBuildFile; fileRef = 439684631F69E73400CEC79B /* HometapUITests.swift */; };
		439F14021F195A1B009DABF8 /* Place.swift in Sources */ = {isa = PBXBuildFile; fileRef = 439F14011F195A1B009DABF8 /* Place.swift */; };
		439F14041F19683F009DABF8 /* AdditionalServices.swift in Sources */ = {isa = PBXBuildFile; fileRef = 439F14031F19683F009DABF8 /* AdditionalServices.swift */; };
		439F14061F198574009DABF8 /* Product.swift in Sources */ = {isa = PBXBuildFile; fileRef = 439F14051F198574009DABF8 /* Product.swift */; };
		439F14081F19A698009DABF8 /* Calendar.swift in Sources */ = {isa = PBXBuildFile; fileRef = 439F14071F19A698009DABF8 /* Calendar.swift */; };
		439F14151F1C3B20009DABF8 /* Rubik-Black.ttf in Resources */ = {isa = PBXBuildFile; fileRef = 439F140B1F1C3B00009DABF8 /* Rubik-Black.ttf */; };
		439F14161F1C3B23009DABF8 /* Rubik-BlackItalic.ttf in Resources */ = {isa = PBXBuildFile; fileRef = 439F140C1F1C3B00009DABF8 /* Rubik-BlackItalic.ttf */; };
		439F14171F1C3B26009DABF8 /* Rubik-Bold.ttf in Resources */ = {isa = PBXBuildFile; fileRef = 439F140D1F1C3B00009DABF8 /* Rubik-Bold.ttf */; };
		439F14181F1C3B28009DABF8 /* Rubik-BoldItalic.ttf in Resources */ = {isa = PBXBuildFile; fileRef = 439F140E1F1C3B00009DABF8 /* Rubik-BoldItalic.ttf */; };
		439F14191F1C3B2A009DABF8 /* Rubik-Italic.ttf in Resources */ = {isa = PBXBuildFile; fileRef = 439F140F1F1C3B00009DABF8 /* Rubik-Italic.ttf */; };
		439F141A1F1C3B2C009DABF8 /* Rubik-Light.ttf in Resources */ = {isa = PBXBuildFile; fileRef = 439F14101F1C3B00009DABF8 /* Rubik-Light.ttf */; };
		439F141B1F1C3B2E009DABF8 /* Rubik-LightItalic.ttf in Resources */ = {isa = PBXBuildFile; fileRef = 439F14111F1C3B00009DABF8 /* Rubik-LightItalic.ttf */; };
		439F141C1F1C3B30009DABF8 /* Rubik-Medium.ttf in Resources */ = {isa = PBXBuildFile; fileRef = 439F14121F1C3B00009DABF8 /* Rubik-Medium.ttf */; };
		439F141D1F1C3B32009DABF8 /* Rubik-MediumItalic.ttf in Resources */ = {isa = PBXBuildFile; fileRef = 439F14131F1C3B00009DABF8 /* Rubik-MediumItalic.ttf */; };
		439F141E1F1C3B34009DABF8 /* Rubik-Regular.ttf in Resources */ = {isa = PBXBuildFile; fileRef = 439F14141F1C3B00009DABF8 /* Rubik-Regular.ttf */; };
		439F14431F1C3E7A009DABF8 /* iconAddService.png in Resources */ = {isa = PBXBuildFile; fileRef = 439F141F1F1C3E79009DABF8 /* iconAddService.png */; };
		439F14441F1C3E7A009DABF8 /* iconAdressGreen.png in Resources */ = {isa = PBXBuildFile; fileRef = 439F14201F1C3E79009DABF8 /* iconAdressGreen.png */; };
		439F14451F1C3E7A009DABF8 /* iconAdressGrey.png in Resources */ = {isa = PBXBuildFile; fileRef = 439F14211F1C3E79009DABF8 /* iconAdressGrey.png */; };
		439F14461F1C3E7A009DABF8 /* iconApartment.png in Resources */ = {isa = PBXBuildFile; fileRef = 439F14221F1C3E79009DABF8 /* iconApartment.png */; };
		439F14471F1C3E7A009DABF8 /* iconCreditCard.png in Resources */ = {isa = PBXBuildFile; fileRef = 439F14231F1C3E79009DABF8 /* iconCreditCard.png */; };
		439F14481F1C3E7A009DABF8 /* icon_curtains_green.png in Resources */ = {isa = PBXBuildFile; fileRef = 439F14241F1C3E79009DABF8 /* icon_curtains_green.png */; };
		439F14491F1C3E7A009DABF8 /* icon_curtains_white.png in Resources */ = {isa = PBXBuildFile; fileRef = 439F14251F1C3E79009DABF8 /* icon_curtains_white.png */; };
		439F144A1F1C3E7A009DABF8 /* icon_division_white.png in Resources */ = {isa = PBXBuildFile; fileRef = 439F14261F1C3E79009DABF8 /* icon_division_white.png */; };
		439F144B1F1C3E7A009DABF8 /* icon_division_green.png in Resources */ = {isa = PBXBuildFile; fileRef = 439F14271F1C3E79009DABF8 /* icon_division_green.png */; };
		439F144C1F1C3E7A009DABF8 /* iconFavorite.png in Resources */ = {isa = PBXBuildFile; fileRef = 439F14281F1C3E79009DABF8 /* iconFavorite.png */; };
		439F144D1F1C3E7A009DABF8 /* icon_fridge_green.png in Resources */ = {isa = PBXBuildFile; fileRef = 439F14291F1C3E79009DABF8 /* icon_fridge_green.png */; };
		439F144E1F1C3E7A009DABF8 /* icon_fridge_white.png in Resources */ = {isa = PBXBuildFile; fileRef = 439F142A1F1C3E79009DABF8 /* icon_fridge_white.png */; };
		439F144F1F1C3E7A009DABF8 /* iconHistoryGreen.png in Resources */ = {isa = PBXBuildFile; fileRef = 439F142B1F1C3E79009DABF8 /* iconHistoryGreen.png */; };
		439F14501F1C3E7A009DABF8 /* iconHistoryGrey.png in Resources */ = {isa = PBXBuildFile; fileRef = 439F142C1F1C3E79009DABF8 /* iconHistoryGrey.png */; };
		439F14511F1C3E7A009DABF8 /* iconHouseBlack.png in Resources */ = {isa = PBXBuildFile; fileRef = 439F142D1F1C3E79009DABF8 /* iconHouseBlack.png */; };
		439F14521F1C3E7A009DABF8 /* iconHouseGreen.png in Resources */ = {isa = PBXBuildFile; fileRef = 439F142E1F1C3E79009DABF8 /* iconHouseGreen.png */; };
		439F14531F1C3E7A009DABF8 /* iconHouseGrey.png in Resources */ = {isa = PBXBuildFile; fileRef = 439F142F1F1C3E79009DABF8 /* iconHouseGrey.png */; };
		439F14541F1C3E7A009DABF8 /* iconNoPhoto.png in Resources */ = {isa = PBXBuildFile; fileRef = 439F14301F1C3E79009DABF8 /* iconNoPhoto.png */; };
		439F14551F1C3E7A009DABF8 /* iconNoPhotoSmall.png in Resources */ = {isa = PBXBuildFile; fileRef = 439F14311F1C3E79009DABF8 /* iconNoPhotoSmall.png */; };
		439F14561F1C3E7A009DABF8 /* iconProfileGreen.png in Resources */ = {isa = PBXBuildFile; fileRef = 439F14321F1C3E79009DABF8 /* iconProfileGreen.png */; };
		439F14571F1C3E7A009DABF8 /* iconProfileGrey.png in Resources */ = {isa = PBXBuildFile; fileRef = 439F14331F1C3E79009DABF8 /* iconProfileGrey.png */; };
		439F14581F1C3E7A009DABF8 /* iconServiceBooked.png in Resources */ = {isa = PBXBuildFile; fileRef = 439F14341F1C3E79009DABF8 /* iconServiceBooked.png */; };
		439F14591F1C3E7A009DABF8 /* iconServiceChecked.png in Resources */ = {isa = PBXBuildFile; fileRef = 439F14351F1C3E79009DABF8 /* iconServiceChecked.png */; };
		439F145A1F1C3E7A009DABF8 /* icon_sofa_green.png in Resources */ = {isa = PBXBuildFile; fileRef = 439F14361F1C3E79009DABF8 /* icon_sofa_green.png */; };
		439F145B1F1C3E7A009DABF8 /* icon_sofa_white.png in Resources */ = {isa = PBXBuildFile; fileRef = 439F14371F1C3E79009DABF8 /* icon_sofa_white.png */; };
		439F145C1F1C3E7A009DABF8 /* iconStarEmpty.png in Resources */ = {isa = PBXBuildFile; fileRef = 439F14381F1C3E79009DABF8 /* iconStarEmpty.png */; };
		439F145D1F1C3E7A009DABF8 /* iconStarFilled.png in Resources */ = {isa = PBXBuildFile; fileRef = 439F14391F1C3E79009DABF8 /* iconStarFilled.png */; };
		439F145E1F1C3E7A009DABF8 /* icon_stove_green.png in Resources */ = {isa = PBXBuildFile; fileRef = 439F143A1F1C3E79009DABF8 /* icon_stove_green.png */; };
		439F145F1F1C3E7A009DABF8 /* icon_stove_white.png in Resources */ = {isa = PBXBuildFile; fileRef = 439F143B1F1C3E7A009DABF8 /* icon_stove_white.png */; };
		439F14601F1C3E7A009DABF8 /* icon_wall_green.png in Resources */ = {isa = PBXBuildFile; fileRef = 439F143C1F1C3E7A009DABF8 /* icon_wall_green.png */; };
		439F14611F1C3E7A009DABF8 /* icon_wall_white.png in Resources */ = {isa = PBXBuildFile; fileRef = 439F143D1F1C3E7A009DABF8 /* icon_wall_white.png */; };
		439F14621F1C3E7A009DABF8 /* icon_window_green.png in Resources */ = {isa = PBXBuildFile; fileRef = 439F143E1F1C3E7A009DABF8 /* icon_window_green.png */; };
		439F14631F1C3E7A009DABF8 /* icon_window_white.png in Resources */ = {isa = PBXBuildFile; fileRef = 439F143F1F1C3E7A009DABF8 /* icon_window_white.png */; };
		439F14641F1C3E7A009DABF8 /* illustrationCreditCard.png in Resources */ = {isa = PBXBuildFile; fileRef = 439F14401F1C3E7A009DABF8 /* illustrationCreditCard.png */; };
		439F14651F1C3E7A009DABF8 /* illustrationGeneralService.png in Resources */ = {isa = PBXBuildFile; fileRef = 439F14411F1C3E7A009DABF8 /* illustrationGeneralService.png */; };
		439F14661F1C3E7A009DABF8 /* illustrationNoBookings.png in Resources */ = {isa = PBXBuildFile; fileRef = 439F14421F1C3E7A009DABF8 /* illustrationNoBookings.png */; };
		439F14691F1C4A0B009DABF8 /* MaterialTabBarViewController.swift in Sources */ = {isa = PBXBuildFile; fileRef = 439F14681F1C4A0B009DABF8 /* MaterialTabBarViewController.swift */; };
		439F146C1F1C9D3C009DABF8 /* HomeViewController.swift in Sources */ = {isa = PBXBuildFile; fileRef = 439F146B1F1C9D3C009DABF8 /* HomeViewController.swift */; };
		43A0B94E1F56033800ABB9F9 /* BookingConfirmationViewController.swift in Sources */ = {isa = PBXBuildFile; fileRef = 43A0B94D1F56033800ABB9F9 /* BookingConfirmationViewController.swift */; };
		43AC4C861F23F18E007D638E /* RegisterViewController.swift in Sources */ = {isa = PBXBuildFile; fileRef = 43AC4C851F23F18E007D638E /* RegisterViewController.swift */; };
		43AC4C881F23F19F007D638E /* SetUpViewController.swift in Sources */ = {isa = PBXBuildFile; fileRef = 43AC4C871F23F19F007D638E /* SetUpViewController.swift */; };
		43B610D21F1E77D2003425BD /* LOGO.bmp in Resources */ = {isa = PBXBuildFile; fileRef = 43B610D11F1E77D2003425BD /* LOGO.bmp */; };
		43B610D41F1E7D44003425BD /* photo-camera.png in Resources */ = {isa = PBXBuildFile; fileRef = 43B610D31F1E7D44003425BD /* photo-camera.png */; };
		43B610D81F1E80C1003425BD /* fb.png in Resources */ = {isa = PBXBuildFile; fileRef = 43B610D61F1E80C1003425BD /* fb.png */; };
		43B610D91F1E80C1003425BD /* google_c_b.png in Resources */ = {isa = PBXBuildFile; fileRef = 43B610D71F1E80C1003425BD /* google_c_b.png */; };
		43C4EC241F66EC4C006A54B4 /* Favorites.storyboard in Resources */ = {isa = PBXBuildFile; fileRef = 43C4EC231F66EC4C006A54B4 /* Favorites.storyboard */; };
		43C4EC261F66EDF1006A54B4 /* FavoritesViewController.swift in Sources */ = {isa = PBXBuildFile; fileRef = 43C4EC251F66EDF1006A54B4 /* FavoritesViewController.swift */; };
		43C4EC281F671431006A54B4 /* FavoriteSearchViewController.swift in Sources */ = {isa = PBXBuildFile; fileRef = 43C4EC271F671431006A54B4 /* FavoriteSearchViewController.swift */; };
		43DC564B1F1D2A9800C68B17 /* HistoryViewController.swift in Sources */ = {isa = PBXBuildFile; fileRef = 43DC564A1F1D2A9800C68B17 /* HistoryViewController.swift */; };
		43DC564D1F1D2E5000C68B17 /* ProfileViewController.swift in Sources */ = {isa = PBXBuildFile; fileRef = 43DC564C1F1D2E5000C68B17 /* ProfileViewController.swift */; };
		43DC564F1F1D381200C68B17 /* LocationsViewController.swift in Sources */ = {isa = PBXBuildFile; fileRef = 43DC564E1F1D381200C68B17 /* LocationsViewController.swift */; };
		43DC56521F1D393800C68B17 /* HTTableViewCell.swift in Sources */ = {isa = PBXBuildFile; fileRef = 43DC56511F1D393800C68B17 /* HTTableViewCell.swift */; };
		43E707D21F53185900EBBEEF /* PaymentsCardViewController.swift in Sources */ = {isa = PBXBuildFile; fileRef = 43E707D11F53185900EBBEEF /* PaymentsCardViewController.swift */; };
		43E707D41F531F1D00EBBEEF /* AddPaymentViewController.swift in Sources */ = {isa = PBXBuildFile; fileRef = 43E707D31F531F1D00EBBEEF /* AddPaymentViewController.swift */; };
		43E707D61F53219C00EBBEEF /* PaymentsListViewController.swift in Sources */ = {isa = PBXBuildFile; fileRef = 43E707D51F53219C00EBBEEF /* PaymentsListViewController.swift */; };
		43E707D81F5321C400EBBEEF /* Comment.swift in Sources */ = {isa = PBXBuildFile; fileRef = 43E707D71F5321C400EBBEEF /* Comment.swift */; };
		43E707DA1F5323B100EBBEEF /* PaymentCard.swift in Sources */ = {isa = PBXBuildFile; fileRef = 43E707D91F5323B100EBBEEF /* PaymentCard.swift */; };
		43E707DC1F535C4C00EBBEEF /* EditPaymentViewController.swift in Sources */ = {isa = PBXBuildFile; fileRef = 43E707DB1F535C4C00EBBEEF /* EditPaymentViewController.swift */; };
		43E707DE1F537DE100EBBEEF /* iconArrowComboBox.png in Resources */ = {isa = PBXBuildFile; fileRef = 43E707DD1F537DE100EBBEEF /* iconArrowComboBox.png */; };
		43E707E01F53801700EBBEEF /* PaymentPickerViewController.swift in Sources */ = {isa = PBXBuildFile; fileRef = 43E707DF1F53801700EBBEEF /* PaymentPickerViewController.swift */; };
		43E707E21F53A4EC00EBBEEF /* BookingBriefViewController.swift in Sources */ = {isa = PBXBuildFile; fileRef = 43E707E11F53A4EC00EBBEEF /* BookingBriefViewController.swift */; };
		43EF36B81F16F9D70013FA8A /* AppDelegate.swift in Sources */ = {isa = PBXBuildFile; fileRef = 43EF36B71F16F9D70013FA8A /* AppDelegate.swift */; };
		43EF36BD1F16F9D70013FA8A /* Main.storyboard in Resources */ = {isa = PBXBuildFile; fileRef = 43EF36BB1F16F9D70013FA8A /* Main.storyboard */; };
		43EF36BF1F16F9D70013FA8A /* Assets.xcassets in Resources */ = {isa = PBXBuildFile; fileRef = 43EF36BE1F16F9D70013FA8A /* Assets.xcassets */; };
		43EF36C21F16F9D70013FA8A /* LaunchScreen.storyboard in Resources */ = {isa = PBXBuildFile; fileRef = 43EF36C01F16F9D70013FA8A /* LaunchScreen.storyboard */; };
		43EF36D61F1708070013FA8A /* GoogleService-Info.plist in Resources */ = {isa = PBXBuildFile; fileRef = 43EF36D51F1708070013FA8A /* GoogleService-Info.plist */; };
		43EF36DF1F192B2A0013FA8A /* Client.swift in Sources */ = {isa = PBXBuildFile; fileRef = 43EF36DB1F192B2A0013FA8A /* Client.swift */; };
		43EF36E01F192B2A0013FA8A /* Constants.swift in Sources */ = {isa = PBXBuildFile; fileRef = 43EF36DC1F192B2A0013FA8A /* Constants.swift */; };
		43EF36E11F192B2A0013FA8A /* extensions.swift in Sources */ = {isa = PBXBuildFile; fileRef = 43EF36DD1F192B2A0013FA8A /* extensions.swift */; };
		43EF36E21F192B2A0013FA8A /* User.swift in Sources */ = {isa = PBXBuildFile; fileRef = 43EF36DE1F192B2A0013FA8A /* User.swift */; };
		43EF36E41F192B4D0013FA8A /* Threading.swift in Sources */ = {isa = PBXBuildFile; fileRef = 43EF36E31F192B4D0013FA8A /* Threading.swift */; };
		43EF36E61F192B880013FA8A /* Homie.swift in Sources */ = {isa = PBXBuildFile; fileRef = 43EF36E51F192B880013FA8A /* Homie.swift */; };
		43EF36E81F192C010013FA8A /* HometapObject.swift in Sources */ = {isa = PBXBuildFile; fileRef = 43EF36E71F192C010013FA8A /* HometapObject.swift */; };
		43EF36EA1F194F600013FA8A /* Service.swift in Sources */ = {isa = PBXBuildFile; fileRef = 43EF36E91F194F600013FA8A /* Service.swift */; };
		B18C707A43073AF6E895AF2C /* Pods_HometapUITests.framework in Frameworks */ = {isa = PBXBuildFile; fileRef = 9BA75FF002196ED901C41497 /* Pods_HometapUITests.framework */; };
		D2AEE9A00BDCD00A6AE0B646 /* Pods_Hometap.framework in Frameworks */ = {isa = PBXBuildFile; fileRef = D4DD91A8EF45F8D8BC4721D4 /* Pods_Hometap.framework */; };
/* End PBXBuildFile section */

/* Begin PBXContainerItemProxy section */
		439684661F69E73400CEC79B /* PBXContainerItemProxy */ = {
			isa = PBXContainerItemProxy;
			containerPortal = 43EF36AC1F16F9D70013FA8A /* Project object */;
			proxyType = 1;
			remoteGlobalIDString = 43EF36B31F16F9D70013FA8A;
			remoteInfo = Hometap;
		};
/* End PBXContainerItemProxy section */

/* Begin PBXFileReference section */
		41EE0E6489CEC26245E3FF96 /* Pods-Hometap.debug.xcconfig */ = {isa = PBXFileReference; includeInIndex = 1; lastKnownFileType = text.xcconfig; name = "Pods-Hometap.debug.xcconfig"; path = "Pods/Target Support Files/Pods-Hometap/Pods-Hometap.debug.xcconfig"; sourceTree = "<group>"; };
		430B83701F1DDB7B007585F2 /* LoginViewController.swift */ = {isa = PBXFileReference; fileEncoding = 4; lastKnownFileType = sourcecode.swift; name = LoginViewController.swift; path = AuthViews/LoginViewController.swift; sourceTree = "<group>"; };
		4313C1E51F6448B700DBF27A /* Credits.storyboard */ = {isa = PBXFileReference; fileEncoding = 4; lastKnownFileType = file.storyboard; name = Credits.storyboard; path = MainViews/CreditsViews/Credits.storyboard; sourceTree = "<group>"; };
		4313C1E71F644AC400DBF27A /* CreditsViewController.swift */ = {isa = PBXFileReference; fileEncoding = 4; lastKnownFileType = sourcecode.swift; name = CreditsViewController.swift; path = MainViews/CreditsViews/CreditsViewController.swift; sourceTree = "<group>"; };
		4313C1E91F644E5400DBF27A /* RedeemViewController.swift */ = {isa = PBXFileReference; fileEncoding = 4; lastKnownFileType = sourcecode.swift; name = RedeemViewController.swift; path = MainViews/CreditsViews/RedeemViewController.swift; sourceTree = "<group>"; };
		4319355B1F47963E005BB082 /* BookingViewController.swift */ = {isa = PBXFileReference; fileEncoding = 4; lastKnownFileType = sourcecode.swift; name = BookingViewController.swift; path = MainViews/BookingViews/BookingViewController.swift; sourceTree = "<group>"; };
		4319355D1F4799A8005BB082 /* AppContent.swift */ = {isa = PBXFileReference; fileEncoding = 4; lastKnownFileType = sourcecode.swift; name = AppContent.swift; path = entities/AppContent.swift; sourceTree = "<group>"; };
		4319355F1F47A00C005BB082 /* HTCollectionViewCell.swift */ = {isa = PBXFileReference; fileEncoding = 4; lastKnownFileType = sourcecode.swift; name = HTCollectionViewCell.swift; path = CustomViews/HTCollectionViewCell.swift; sourceTree = "<group>"; };
		4343932D1F315CFB00861426 /* DatePickerViewController.swift */ = {isa = PBXFileReference; fileEncoding = 4; lastKnownFileType = sourcecode.swift; name = DatePickerViewController.swift; path = CustomViews/DatePickerViewController.swift; sourceTree = "<group>"; };
		4343932E1F315CFB00861426 /* DatePickerViewController.xib */ = {isa = PBXFileReference; fileEncoding = 4; lastKnownFileType = file.xib; name = DatePickerViewController.xib; path = CustomViews/DatePickerViewController.xib; sourceTree = "<group>"; };
		434B66181F4B3988007CE9E2 /* Places.storyboard */ = {isa = PBXFileReference; fileEncoding = 4; lastKnownFileType = file.storyboard; name = Places.storyboard; path = MainViews/PlacesViews/Places.storyboard; sourceTree = "<group>"; };
		434B661A1F4B39F6007CE9E2 /* PlacePickerViewController.swift */ = {isa = PBXFileReference; fileEncoding = 4; lastKnownFileType = sourcecode.swift; name = PlacePickerViewController.swift; path = MainViews/PlacesViews/PlacePickerViewController.swift; sourceTree = "<group>"; };
		434B661C1F4B3A0E007CE9E2 /* PlaceEditorViewController.swift */ = {isa = PBXFileReference; fileEncoding = 4; lastKnownFileType = sourcecode.swift; name = PlaceEditorViewController.swift; path = MainViews/PlacesViews/PlaceEditorViewController.swift; sourceTree = "<group>"; };
		434B661F1F4BC0C8007CE9E2 /* Payments.storyboard */ = {isa = PBXFileReference; fileEncoding = 4; lastKnownFileType = file.storyboard; name = Payments.storyboard; path = MainViews/PaymentsViews/Payments.storyboard; sourceTree = "<group>"; };
		434D5C4E1F48949A00C17541 /* HomiePickerViewController.swift */ = {isa = PBXFileReference; fileEncoding = 4; lastKnownFileType = sourcecode.swift; name = HomiePickerViewController.swift; path = MainViews/BookingViews/HomiePickerViewController.swift; sourceTree = "<group>"; };
		434D5C4F1F48949A00C17541 /* HomiePickerViewController.xib */ = {isa = PBXFileReference; fileEncoding = 4; lastKnownFileType = file.xib; name = HomiePickerViewController.xib; path = MainViews/BookingViews/HomiePickerViewController.xib; sourceTree = "<group>"; };
		434D5C521F48D8CF00C17541 /* iconArrowGreen.png */ = {isa = PBXFileReference; lastKnownFileType = image.png; name = iconArrowGreen.png; path = assets/iconArrowGreen.png; sourceTree = "<group>"; };
		434D5C531F48D8CF00C17541 /* iconArrowWhite.png */ = {isa = PBXFileReference; lastKnownFileType = image.png; name = iconArrowWhite.png; path = assets/iconArrowWhite.png; sourceTree = "<group>"; };
		434D5C561F48DAEF00C17541 /* HomieConfirmViewController.swift */ = {isa = PBXFileReference; fileEncoding = 4; lastKnownFileType = sourcecode.swift; name = HomieConfirmViewController.swift; path = MainViews/BookingViews/HomieConfirmViewController.swift; sourceTree = "<group>"; };
		434D5C5A1F48DE7F00C17541 /* Booking.storyboard */ = {isa = PBXFileReference; fileEncoding = 4; lastKnownFileType = file.storyboard; name = Booking.storyboard; path = MainViews/BookingViews/Booking.storyboard; sourceTree = "<group>"; };
		434E05181F62124A00214CD3 /* Other.storyboard */ = {isa = PBXFileReference; fileEncoding = 4; lastKnownFileType = file.storyboard; name = Other.storyboard; path = MainViews/OtherViews/Other.storyboard; sourceTree = "<group>"; };
		434E051A1F62128100214CD3 /* ServiceRatingViewController.swift */ = {isa = PBXFileReference; fileEncoding = 4; lastKnownFileType = sourcecode.swift; name = ServiceRatingViewController.swift; path = MainViews/OtherViews/ServiceRatingViewController.swift; sourceTree = "<group>"; };
		434E051C1F62515F00214CD3 /* Notification.swift */ = {isa = PBXFileReference; fileEncoding = 4; lastKnownFileType = sourcecode.swift; name = Notification.swift; path = entities/Notification.swift; sourceTree = "<group>"; };
		434E051E1F62579A00214CD3 /* Hometap.entitlements */ = {isa = PBXFileReference; lastKnownFileType = text.plist.entitlements; path = Hometap.entitlements; sourceTree = "<group>"; };
		435B24611F60E9EE00F2AC5C /* ProfileChangeViewController.swift */ = {isa = PBXFileReference; fileEncoding = 4; lastKnownFileType = sourcecode.swift; name = ProfileChangeViewController.swift; path = MainViews/ProfileChangeViewController.swift; sourceTree = "<group>"; };
		43628D991F328FE600C5444D /* OptionPicker.swift */ = {isa = PBXFileReference; fileEncoding = 4; lastKnownFileType = sourcecode.swift; name = OptionPicker.swift; path = CustomViews/OptionPicker.swift; sourceTree = "<group>"; };
		43628D9E1F32939F00C5444D /* OptionPicker.storyboard */ = {isa = PBXFileReference; fileEncoding = 4; lastKnownFileType = file.storyboard; name = OptionPicker.storyboard; path = CustomViews/OptionPicker.storyboard; sourceTree = "<group>"; };
		438E331E1F657308005117AF /* Coupon.swift */ = {isa = PBXFileReference; fileEncoding = 4; lastKnownFileType = sourcecode.swift; name = Coupon.swift; path = entities/Coupon.swift; sourceTree = "<group>"; };
		438E33201F659188005117AF /* HTAlertViewController.swift */ = {isa = PBXFileReference; fileEncoding = 4; lastKnownFileType = sourcecode.swift; name = HTAlertViewController.swift; path = CustomViews/HTAlertViewController.swift; sourceTree = "<group>"; };
		438E33211F659188005117AF /* HTAlertViewController.xib */ = {isa = PBXFileReference; fileEncoding = 4; lastKnownFileType = file.xib; name = HTAlertViewController.xib; path = CustomViews/HTAlertViewController.xib; sourceTree = "<group>"; };
		439684611F69E73400CEC79B /* HometapUITests.xctest */ = {isa = PBXFileReference; explicitFileType = wrapper.cfbundle; includeInIndex = 0; path = HometapUITests.xctest; sourceTree = BUILT_PRODUCTS_DIR; };
		439684631F69E73400CEC79B /* HometapUITests.swift */ = {isa = PBXFileReference; lastKnownFileType = sourcecode.swift; path = HometapUITests.swift; sourceTree = "<group>"; };
		439684651F69E73400CEC79B /* Info.plist */ = {isa = PBXFileReference; lastKnownFileType = text.plist.xml; path = Info.plist; sourceTree = "<group>"; };
		4396846B1F69E91900CEC79B /* SwiftMonkey.framework */ = {isa = PBXFileReference; lastKnownFileType = wrapper.framework; name = SwiftMonkey.framework; path = "Pods/../build/Debug-iphoneos/SwiftMonkey/SwiftMonkey.framework"; sourceTree = "<group>"; };
		439F14011F195A1B009DABF8 /* Place.swift */ = {isa = PBXFileReference; fileEncoding = 4; lastKnownFileType = sourcecode.swift; name = Place.swift; path = entities/Place.swift; sourceTree = "<group>"; };
		439F14031F19683F009DABF8 /* AdditionalServices.swift */ = {isa = PBXFileReference; fileEncoding = 4; lastKnownFileType = sourcecode.swift; name = AdditionalServices.swift; path = entities/AdditionalServices.swift; sourceTree = "<group>"; };
		439F14051F198574009DABF8 /* Product.swift */ = {isa = PBXFileReference; fileEncoding = 4; lastKnownFileType = sourcecode.swift; name = Product.swift; path = entities/Product.swift; sourceTree = "<group>"; };
		439F14071F19A698009DABF8 /* Calendar.swift */ = {isa = PBXFileReference; fileEncoding = 4; lastKnownFileType = sourcecode.swift; name = Calendar.swift; path = entities/Calendar.swift; sourceTree = "<group>"; };
		439F140B1F1C3B00009DABF8 /* Rubik-Black.ttf */ = {isa = PBXFileReference; lastKnownFileType = file; name = "Rubik-Black.ttf"; path = "assets/typo/Rubik-Black.ttf"; sourceTree = "<group>"; };
		439F140C1F1C3B00009DABF8 /* Rubik-BlackItalic.ttf */ = {isa = PBXFileReference; lastKnownFileType = file; name = "Rubik-BlackItalic.ttf"; path = "assets/typo/Rubik-BlackItalic.ttf"; sourceTree = "<group>"; };
		439F140D1F1C3B00009DABF8 /* Rubik-Bold.ttf */ = {isa = PBXFileReference; lastKnownFileType = file; name = "Rubik-Bold.ttf"; path = "assets/typo/Rubik-Bold.ttf"; sourceTree = "<group>"; };
		439F140E1F1C3B00009DABF8 /* Rubik-BoldItalic.ttf */ = {isa = PBXFileReference; lastKnownFileType = file; name = "Rubik-BoldItalic.ttf"; path = "assets/typo/Rubik-BoldItalic.ttf"; sourceTree = "<group>"; };
		439F140F1F1C3B00009DABF8 /* Rubik-Italic.ttf */ = {isa = PBXFileReference; lastKnownFileType = file; name = "Rubik-Italic.ttf"; path = "assets/typo/Rubik-Italic.ttf"; sourceTree = "<group>"; };
		439F14101F1C3B00009DABF8 /* Rubik-Light.ttf */ = {isa = PBXFileReference; lastKnownFileType = file; name = "Rubik-Light.ttf"; path = "assets/typo/Rubik-Light.ttf"; sourceTree = "<group>"; };
		439F14111F1C3B00009DABF8 /* Rubik-LightItalic.ttf */ = {isa = PBXFileReference; lastKnownFileType = file; name = "Rubik-LightItalic.ttf"; path = "assets/typo/Rubik-LightItalic.ttf"; sourceTree = "<group>"; };
		439F14121F1C3B00009DABF8 /* Rubik-Medium.ttf */ = {isa = PBXFileReference; lastKnownFileType = file; name = "Rubik-Medium.ttf"; path = "assets/typo/Rubik-Medium.ttf"; sourceTree = "<group>"; };
		439F14131F1C3B00009DABF8 /* Rubik-MediumItalic.ttf */ = {isa = PBXFileReference; lastKnownFileType = file; name = "Rubik-MediumItalic.ttf"; path = "assets/typo/Rubik-MediumItalic.ttf"; sourceTree = "<group>"; };
		439F14141F1C3B00009DABF8 /* Rubik-Regular.ttf */ = {isa = PBXFileReference; lastKnownFileType = file; name = "Rubik-Regular.ttf"; path = "assets/typo/Rubik-Regular.ttf"; sourceTree = "<group>"; };
		439F141F1F1C3E79009DABF8 /* iconAddService.png */ = {isa = PBXFileReference; lastKnownFileType = image.png; name = iconAddService.png; path = assets/iconAddService.png; sourceTree = "<group>"; };
		439F14201F1C3E79009DABF8 /* iconAdressGreen.png */ = {isa = PBXFileReference; lastKnownFileType = image.png; name = iconAdressGreen.png; path = assets/iconAdressGreen.png; sourceTree = "<group>"; };
		439F14211F1C3E79009DABF8 /* iconAdressGrey.png */ = {isa = PBXFileReference; lastKnownFileType = image.png; name = iconAdressGrey.png; path = assets/iconAdressGrey.png; sourceTree = "<group>"; };
		439F14221F1C3E79009DABF8 /* iconApartment.png */ = {isa = PBXFileReference; lastKnownFileType = image.png; name = iconApartment.png; path = assets/iconApartment.png; sourceTree = "<group>"; };
		439F14231F1C3E79009DABF8 /* iconCreditCard.png */ = {isa = PBXFileReference; lastKnownFileType = image.png; name = iconCreditCard.png; path = assets/iconCreditCard.png; sourceTree = "<group>"; };
		439F14241F1C3E79009DABF8 /* icon_curtains_green.png */ = {isa = PBXFileReference; lastKnownFileType = image.png; name = icon_curtains_green.png; path = assets/icon_curtains_green.png; sourceTree = "<group>"; };
		439F14251F1C3E79009DABF8 /* icon_curtains_white.png */ = {isa = PBXFileReference; lastKnownFileType = image.png; name = icon_curtains_white.png; path = assets/icon_curtains_white.png; sourceTree = "<group>"; };
		439F14261F1C3E79009DABF8 /* icon_division_white.png */ = {isa = PBXFileReference; lastKnownFileType = image.png; name = icon_division_white.png; path = assets/icon_division_white.png; sourceTree = "<group>"; };
		439F14271F1C3E79009DABF8 /* icon_division_green.png */ = {isa = PBXFileReference; lastKnownFileType = image.png; name = icon_division_green.png; path = assets/icon_division_green.png; sourceTree = "<group>"; };
		439F14281F1C3E79009DABF8 /* iconFavorite.png */ = {isa = PBXFileReference; lastKnownFileType = image.png; name = iconFavorite.png; path = assets/iconFavorite.png; sourceTree = "<group>"; };
		439F14291F1C3E79009DABF8 /* icon_fridge_green.png */ = {isa = PBXFileReference; lastKnownFileType = image.png; name = icon_fridge_green.png; path = assets/icon_fridge_green.png; sourceTree = "<group>"; };
		439F142A1F1C3E79009DABF8 /* icon_fridge_white.png */ = {isa = PBXFileReference; lastKnownFileType = image.png; name = icon_fridge_white.png; path = assets/icon_fridge_white.png; sourceTree = "<group>"; };
		439F142B1F1C3E79009DABF8 /* iconHistoryGreen.png */ = {isa = PBXFileReference; lastKnownFileType = image.png; name = iconHistoryGreen.png; path = assets/iconHistoryGreen.png; sourceTree = "<group>"; };
		439F142C1F1C3E79009DABF8 /* iconHistoryGrey.png */ = {isa = PBXFileReference; lastKnownFileType = image.png; name = iconHistoryGrey.png; path = assets/iconHistoryGrey.png; sourceTree = "<group>"; };
		439F142D1F1C3E79009DABF8 /* iconHouseBlack.png */ = {isa = PBXFileReference; lastKnownFileType = image.png; name = iconHouseBlack.png; path = assets/iconHouseBlack.png; sourceTree = "<group>"; };
		439F142E1F1C3E79009DABF8 /* iconHouseGreen.png */ = {isa = PBXFileReference; lastKnownFileType = image.png; name = iconHouseGreen.png; path = assets/iconHouseGreen.png; sourceTree = "<group>"; };
		439F142F1F1C3E79009DABF8 /* iconHouseGrey.png */ = {isa = PBXFileReference; lastKnownFileType = image.png; name = iconHouseGrey.png; path = assets/iconHouseGrey.png; sourceTree = "<group>"; };
		439F14301F1C3E79009DABF8 /* iconNoPhoto.png */ = {isa = PBXFileReference; lastKnownFileType = image.png; name = iconNoPhoto.png; path = assets/iconNoPhoto.png; sourceTree = "<group>"; };
		439F14311F1C3E79009DABF8 /* iconNoPhotoSmall.png */ = {isa = PBXFileReference; lastKnownFileType = image.png; name = iconNoPhotoSmall.png; path = assets/iconNoPhotoSmall.png; sourceTree = "<group>"; };
		439F14321F1C3E79009DABF8 /* iconProfileGreen.png */ = {isa = PBXFileReference; lastKnownFileType = image.png; name = iconProfileGreen.png; path = assets/iconProfileGreen.png; sourceTree = "<group>"; };
		439F14331F1C3E79009DABF8 /* iconProfileGrey.png */ = {isa = PBXFileReference; lastKnownFileType = image.png; name = iconProfileGrey.png; path = assets/iconProfileGrey.png; sourceTree = "<group>"; };
		439F14341F1C3E79009DABF8 /* iconServiceBooked.png */ = {isa = PBXFileReference; lastKnownFileType = image.png; name = iconServiceBooked.png; path = assets/iconServiceBooked.png; sourceTree = "<group>"; };
		439F14351F1C3E79009DABF8 /* iconServiceChecked.png */ = {isa = PBXFileReference; lastKnownFileType = image.png; name = iconServiceChecked.png; path = assets/iconServiceChecked.png; sourceTree = "<group>"; };
		439F14361F1C3E79009DABF8 /* icon_sofa_green.png */ = {isa = PBXFileReference; lastKnownFileType = image.png; name = icon_sofa_green.png; path = assets/icon_sofa_green.png; sourceTree = "<group>"; };
		439F14371F1C3E79009DABF8 /* icon_sofa_white.png */ = {isa = PBXFileReference; lastKnownFileType = image.png; name = icon_sofa_white.png; path = assets/icon_sofa_white.png; sourceTree = "<group>"; };
		439F14381F1C3E79009DABF8 /* iconStarEmpty.png */ = {isa = PBXFileReference; lastKnownFileType = image.png; name = iconStarEmpty.png; path = assets/iconStarEmpty.png; sourceTree = "<group>"; };
		439F14391F1C3E79009DABF8 /* iconStarFilled.png */ = {isa = PBXFileReference; lastKnownFileType = image.png; name = iconStarFilled.png; path = assets/iconStarFilled.png; sourceTree = "<group>"; };
		439F143A1F1C3E79009DABF8 /* icon_stove_green.png */ = {isa = PBXFileReference; lastKnownFileType = image.png; name = icon_stove_green.png; path = assets/icon_stove_green.png; sourceTree = "<group>"; };
		439F143B1F1C3E7A009DABF8 /* icon_stove_white.png */ = {isa = PBXFileReference; lastKnownFileType = image.png; name = icon_stove_white.png; path = assets/icon_stove_white.png; sourceTree = "<group>"; };
		439F143C1F1C3E7A009DABF8 /* icon_wall_green.png */ = {isa = PBXFileReference; lastKnownFileType = image.png; name = icon_wall_green.png; path = assets/icon_wall_green.png; sourceTree = "<group>"; };
		439F143D1F1C3E7A009DABF8 /* icon_wall_white.png */ = {isa = PBXFileReference; lastKnownFileType = image.png; name = icon_wall_white.png; path = assets/icon_wall_white.png; sourceTree = "<group>"; };
		439F143E1F1C3E7A009DABF8 /* icon_window_green.png */ = {isa = PBXFileReference; lastKnownFileType = image.png; name = icon_window_green.png; path = assets/icon_window_green.png; sourceTree = "<group>"; };
		439F143F1F1C3E7A009DABF8 /* icon_window_white.png */ = {isa = PBXFileReference; lastKnownFileType = image.png; name = icon_window_white.png; path = assets/icon_window_white.png; sourceTree = "<group>"; };
		439F14401F1C3E7A009DABF8 /* illustrationCreditCard.png */ = {isa = PBXFileReference; lastKnownFileType = image.png; name = illustrationCreditCard.png; path = assets/illustrationCreditCard.png; sourceTree = "<group>"; };
		439F14411F1C3E7A009DABF8 /* illustrationGeneralService.png */ = {isa = PBXFileReference; lastKnownFileType = image.png; name = illustrationGeneralService.png; path = assets/illustrationGeneralService.png; sourceTree = "<group>"; };
		439F14421F1C3E7A009DABF8 /* illustrationNoBookings.png */ = {isa = PBXFileReference; lastKnownFileType = image.png; name = illustrationNoBookings.png; path = assets/illustrationNoBookings.png; sourceTree = "<group>"; };
		439F14681F1C4A0B009DABF8 /* MaterialTabBarViewController.swift */ = {isa = PBXFileReference; fileEncoding = 4; lastKnownFileType = sourcecode.swift; name = MaterialTabBarViewController.swift; path = CustomViews/MaterialTabBarViewController.swift; sourceTree = "<group>"; };
		439F146B1F1C9D3C009DABF8 /* HomeViewController.swift */ = {isa = PBXFileReference; fileEncoding = 4; lastKnownFileType = sourcecode.swift; name = HomeViewController.swift; path = MainViews/HomeViewController.swift; sourceTree = "<group>"; };
		43A0B94D1F56033800ABB9F9 /* BookingConfirmationViewController.swift */ = {isa = PBXFileReference; fileEncoding = 4; lastKnownFileType = sourcecode.swift; name = BookingConfirmationViewController.swift; path = MainViews/BookingViews/BookingConfirmationViewController.swift; sourceTree = "<group>"; };
		43AC4C851F23F18E007D638E /* RegisterViewController.swift */ = {isa = PBXFileReference; fileEncoding = 4; lastKnownFileType = sourcecode.swift; name = RegisterViewController.swift; path = AuthViews/RegisterViewController.swift; sourceTree = "<group>"; };
		43AC4C871F23F19F007D638E /* SetUpViewController.swift */ = {isa = PBXFileReference; fileEncoding = 4; lastKnownFileType = sourcecode.swift; name = SetUpViewController.swift; path = AuthViews/SetUpViewController.swift; sourceTree = "<group>"; };
		43B610D11F1E77D2003425BD /* LOGO.bmp */ = {isa = PBXFileReference; lastKnownFileType = image.bmp; name = LOGO.bmp; path = assets/icons/LOGO.bmp; sourceTree = "<group>"; };
		43B610D31F1E7D44003425BD /* photo-camera.png */ = {isa = PBXFileReference; lastKnownFileType = image.png; name = "photo-camera.png"; path = "assets/photo-camera.png"; sourceTree = "<group>"; };
		43B610D61F1E80C1003425BD /* fb.png */ = {isa = PBXFileReference; lastKnownFileType = image.png; name = fb.png; path = assets/social/fb.png; sourceTree = "<group>"; };
		43B610D71F1E80C1003425BD /* google_c_b.png */ = {isa = PBXFileReference; lastKnownFileType = image.png; name = google_c_b.png; path = assets/social/google_c_b.png; sourceTree = "<group>"; };
		43C4EC231F66EC4C006A54B4 /* Favorites.storyboard */ = {isa = PBXFileReference; fileEncoding = 4; lastKnownFileType = file.storyboard; name = Favorites.storyboard; path = MainViews/FavoritesViews/Favorites.storyboard; sourceTree = "<group>"; };
		43C4EC251F66EDF1006A54B4 /* FavoritesViewController.swift */ = {isa = PBXFileReference; fileEncoding = 4; lastKnownFileType = sourcecode.swift; name = FavoritesViewController.swift; path = MainViews/FavoritesViews/FavoritesViewController.swift; sourceTree = "<group>"; };
		43C4EC271F671431006A54B4 /* FavoriteSearchViewController.swift */ = {isa = PBXFileReference; fileEncoding = 4; lastKnownFileType = sourcecode.swift; name = FavoriteSearchViewController.swift; path = MainViews/FavoritesViews/FavoriteSearchViewController.swift; sourceTree = "<group>"; };
		43DC564A1F1D2A9800C68B17 /* HistoryViewController.swift */ = {isa = PBXFileReference; fileEncoding = 4; lastKnownFileType = sourcecode.swift; name = HistoryViewController.swift; path = MainViews/HistoryViewController.swift; sourceTree = "<group>"; };
		43DC564C1F1D2E5000C68B17 /* ProfileViewController.swift */ = {isa = PBXFileReference; fileEncoding = 4; lastKnownFileType = sourcecode.swift; name = ProfileViewController.swift; path = MainViews/ProfileViewController.swift; sourceTree = "<group>"; };
		43DC564E1F1D381200C68B17 /* LocationsViewController.swift */ = {isa = PBXFileReference; fileEncoding = 4; lastKnownFileType = sourcecode.swift; name = LocationsViewController.swift; path = MainViews/LocationsViewController.swift; sourceTree = "<group>"; };
		43DC56511F1D393800C68B17 /* HTTableViewCell.swift */ = {isa = PBXFileReference; fileEncoding = 4; lastKnownFileType = sourcecode.swift; name = HTTableViewCell.swift; path = CustomViews/HTTableViewCell.swift; sourceTree = "<group>"; };
		43E707D11F53185900EBBEEF /* PaymentsCardViewController.swift */ = {isa = PBXFileReference; fileEncoding = 4; lastKnownFileType = sourcecode.swift; name = PaymentsCardViewController.swift; path = MainViews/PaymentsViews/PaymentsCardViewController.swift; sourceTree = "<group>"; };
		43E707D31F531F1D00EBBEEF /* AddPaymentViewController.swift */ = {isa = PBXFileReference; fileEncoding = 4; lastKnownFileType = sourcecode.swift; name = AddPaymentViewController.swift; path = MainViews/PaymentsViews/AddPaymentViewController.swift; sourceTree = "<group>"; };
		43E707D51F53219C00EBBEEF /* PaymentsListViewController.swift */ = {isa = PBXFileReference; fileEncoding = 4; lastKnownFileType = sourcecode.swift; name = PaymentsListViewController.swift; path = MainViews/PaymentsViews/PaymentsListViewController.swift; sourceTree = "<group>"; };
		43E707D71F5321C400EBBEEF /* Comment.swift */ = {isa = PBXFileReference; fileEncoding = 4; lastKnownFileType = sourcecode.swift; name = Comment.swift; path = entities/Comment.swift; sourceTree = "<group>"; };
		43E707D91F5323B100EBBEEF /* PaymentCard.swift */ = {isa = PBXFileReference; fileEncoding = 4; lastKnownFileType = sourcecode.swift; name = PaymentCard.swift; path = entities/PaymentCard.swift; sourceTree = "<group>"; };
		43E707DB1F535C4C00EBBEEF /* EditPaymentViewController.swift */ = {isa = PBXFileReference; fileEncoding = 4; lastKnownFileType = sourcecode.swift; name = EditPaymentViewController.swift; path = MainViews/PaymentsViews/EditPaymentViewController.swift; sourceTree = "<group>"; };
		43E707DD1F537DE100EBBEEF /* iconArrowComboBox.png */ = {isa = PBXFileReference; lastKnownFileType = image.png; name = iconArrowComboBox.png; path = assets/iconArrowComboBox.png; sourceTree = "<group>"; };
		43E707DF1F53801700EBBEEF /* PaymentPickerViewController.swift */ = {isa = PBXFileReference; fileEncoding = 4; lastKnownFileType = sourcecode.swift; name = PaymentPickerViewController.swift; path = MainViews/PaymentsViews/PaymentPickerViewController.swift; sourceTree = "<group>"; };
		43E707E11F53A4EC00EBBEEF /* BookingBriefViewController.swift */ = {isa = PBXFileReference; fileEncoding = 4; lastKnownFileType = sourcecode.swift; name = BookingBriefViewController.swift; path = MainViews/BookingViews/BookingBriefViewController.swift; sourceTree = "<group>"; };
		43EF36B41F16F9D70013FA8A /* Hometap.app */ = {isa = PBXFileReference; explicitFileType = wrapper.application; includeInIndex = 0; path = Hometap.app; sourceTree = BUILT_PRODUCTS_DIR; };
		43EF36B71F16F9D70013FA8A /* AppDelegate.swift */ = {isa = PBXFileReference; lastKnownFileType = sourcecode.swift; path = AppDelegate.swift; sourceTree = "<group>"; };
		43EF36BC1F16F9D70013FA8A /* Base */ = {isa = PBXFileReference; lastKnownFileType = file.storyboard; name = Base; path = Base.lproj/Main.storyboard; sourceTree = "<group>"; };
		43EF36BE1F16F9D70013FA8A /* Assets.xcassets */ = {isa = PBXFileReference; lastKnownFileType = folder.assetcatalog; path = Assets.xcassets; sourceTree = "<group>"; };
		43EF36C11F16F9D70013FA8A /* Base */ = {isa = PBXFileReference; lastKnownFileType = file.storyboard; name = Base; path = Base.lproj/LaunchScreen.storyboard; sourceTree = "<group>"; };
		43EF36C31F16F9D70013FA8A /* Info.plist */ = {isa = PBXFileReference; lastKnownFileType = text.plist.xml; path = Info.plist; sourceTree = "<group>"; };
		43EF36C91F1703810013FA8A /* Hometap-Bridging-Header.h */ = {isa = PBXFileReference; lastKnownFileType = sourcecode.c.h; path = "Hometap-Bridging-Header.h"; sourceTree = "<group>"; };
		43EF36D51F1708070013FA8A /* GoogleService-Info.plist */ = {isa = PBXFileReference; fileEncoding = 4; lastKnownFileType = text.plist.xml; path = "GoogleService-Info.plist"; sourceTree = "<group>"; };
		43EF36DB1F192B2A0013FA8A /* Client.swift */ = {isa = PBXFileReference; fileEncoding = 4; lastKnownFileType = sourcecode.swift; name = Client.swift; path = entities/Client.swift; sourceTree = "<group>"; };
		43EF36DC1F192B2A0013FA8A /* Constants.swift */ = {isa = PBXFileReference; fileEncoding = 4; lastKnownFileType = sourcecode.swift; name = Constants.swift; path = entities/Constants.swift; sourceTree = "<group>"; };
		43EF36DD1F192B2A0013FA8A /* extensions.swift */ = {isa = PBXFileReference; fileEncoding = 4; lastKnownFileType = sourcecode.swift; name = extensions.swift; path = entities/extensions.swift; sourceTree = "<group>"; };
		43EF36DE1F192B2A0013FA8A /* User.swift */ = {isa = PBXFileReference; fileEncoding = 4; lastKnownFileType = sourcecode.swift; name = User.swift; path = entities/User.swift; sourceTree = "<group>"; };
		43EF36E31F192B4D0013FA8A /* Threading.swift */ = {isa = PBXFileReference; fileEncoding = 4; lastKnownFileType = sourcecode.swift; name = Threading.swift; path = libs/Threading.swift; sourceTree = "<group>"; };
		43EF36E51F192B880013FA8A /* Homie.swift */ = {isa = PBXFileReference; fileEncoding = 4; lastKnownFileType = sourcecode.swift; name = Homie.swift; path = entities/Homie.swift; sourceTree = "<group>"; };
		43EF36E71F192C010013FA8A /* HometapObject.swift */ = {isa = PBXFileReference; fileEncoding = 4; lastKnownFileType = sourcecode.swift; name = HometapObject.swift; path = entities/HometapObject.swift; sourceTree = "<group>"; };
		43EF36E91F194F600013FA8A /* Service.swift */ = {isa = PBXFileReference; fileEncoding = 4; lastKnownFileType = sourcecode.swift; name = Service.swift; path = entities/Service.swift; sourceTree = "<group>"; };
		5123D1881D298401949BB947 /* Pods-HometapUITests.debug.xcconfig */ = {isa = PBXFileReference; includeInIndex = 1; lastKnownFileType = text.xcconfig; name = "Pods-HometapUITests.debug.xcconfig"; path = "Pods/Target Support Files/Pods-HometapUITests/Pods-HometapUITests.debug.xcconfig"; sourceTree = "<group>"; };
		7491B6E1CBB085A681C6E5F1 /* Pods-HometapUITests.release.xcconfig */ = {isa = PBXFileReference; includeInIndex = 1; lastKnownFileType = text.xcconfig; name = "Pods-HometapUITests.release.xcconfig"; path = "Pods/Target Support Files/Pods-HometapUITests/Pods-HometapUITests.release.xcconfig"; sourceTree = "<group>"; };
		9BA75FF002196ED901C41497 /* Pods_HometapUITests.framework */ = {isa = PBXFileReference; explicitFileType = wrapper.framework; includeInIndex = 0; path = Pods_HometapUITests.framework; sourceTree = BUILT_PRODUCTS_DIR; };
		D4DD91A8EF45F8D8BC4721D4 /* Pods_Hometap.framework */ = {isa = PBXFileReference; explicitFileType = wrapper.framework; includeInIndex = 0; path = Pods_Hometap.framework; sourceTree = BUILT_PRODUCTS_DIR; };
		F12207F516A8590C3EA62B6B /* Pods-Hometap.release.xcconfig */ = {isa = PBXFileReference; includeInIndex = 1; lastKnownFileType = text.xcconfig; name = "Pods-Hometap.release.xcconfig"; path = "Pods/Target Support Files/Pods-Hometap/Pods-Hometap.release.xcconfig"; sourceTree = "<group>"; };
/* End PBXFileReference section */

/* Begin PBXFrameworksBuildPhase section */
		4396845E1F69E73400CEC79B /* Frameworks */ = {
			isa = PBXFrameworksBuildPhase;
			buildActionMask = 2147483647;
			files = (
				B18C707A43073AF6E895AF2C /* Pods_HometapUITests.framework in Frameworks */,
			);
			runOnlyForDeploymentPostprocessing = 0;
		};
		43EF36B11F16F9D70013FA8A /* Frameworks */ = {
			isa = PBXFrameworksBuildPhase;
			buildActionMask = 2147483647;
			files = (
				D2AEE9A00BDCD00A6AE0B646 /* Pods_Hometap.framework in Frameworks */,
			);
			runOnlyForDeploymentPostprocessing = 0;
		};
/* End PBXFrameworksBuildPhase section */

/* Begin PBXGroup section */
		165B4CCA16BBFBF31DE566DE /* Frameworks */ = {
			isa = PBXGroup;
			children = (
				4396846B1F69E91900CEC79B /* SwiftMonkey.framework */,
				D4DD91A8EF45F8D8BC4721D4 /* Pods_Hometap.framework */,
				9BA75FF002196ED901C41497 /* Pods_HometapUITests.framework */,
			);
			name = Frameworks;
			sourceTree = "<group>";
		};
		430B836F1F1DDB3F007585F2 /* AuthViews */ = {
			isa = PBXGroup;
			children = (
				430B83701F1DDB7B007585F2 /* LoginViewController.swift */,
				43AC4C851F23F18E007D638E /* RegisterViewController.swift */,
				43AC4C871F23F19F007D638E /* SetUpViewController.swift */,
			);
			name = AuthViews;
			sourceTree = "<group>";
		};
		4313C1E41F64488E00DBF27A /* CreditsViews */ = {
			isa = PBXGroup;
			children = (
				4313C1E51F6448B700DBF27A /* Credits.storyboard */,
				4313C1E71F644AC400DBF27A /* CreditsViewController.swift */,
				4313C1E91F644E5400DBF27A /* RedeemViewController.swift */,
			);
			name = CreditsViews;
			sourceTree = "<group>";
		};
		4319355A1F4795F7005BB082 /* BookingViews */ = {
			isa = PBXGroup;
			children = (
				434D5C5A1F48DE7F00C17541 /* Booking.storyboard */,
				4319355B1F47963E005BB082 /* BookingViewController.swift */,
				434D5C4E1F48949A00C17541 /* HomiePickerViewController.swift */,
				434D5C4F1F48949A00C17541 /* HomiePickerViewController.xib */,
				434D5C561F48DAEF00C17541 /* HomieConfirmViewController.swift */,
				43E707E11F53A4EC00EBBEEF /* BookingBriefViewController.swift */,
				43A0B94D1F56033800ABB9F9 /* BookingConfirmationViewController.swift */,
			);
			name = BookingViews;
			sourceTree = "<group>";
		};
		434B66171F4B394C007CE9E2 /* PlacesViews */ = {
			isa = PBXGroup;
			children = (
				434B66181F4B3988007CE9E2 /* Places.storyboard */,
				434B661A1F4B39F6007CE9E2 /* PlacePickerViewController.swift */,
				434B661C1F4B3A0E007CE9E2 /* PlaceEditorViewController.swift */,
			);
			name = PlacesViews;
			sourceTree = "<group>";
		};
		434B661E1F4BC07E007CE9E2 /* PaymentsViews */ = {
			isa = PBXGroup;
			children = (
				434B661F1F4BC0C8007CE9E2 /* Payments.storyboard */,
				43E707D11F53185900EBBEEF /* PaymentsCardViewController.swift */,
				43E707D31F531F1D00EBBEEF /* AddPaymentViewController.swift */,
				43E707D51F53219C00EBBEEF /* PaymentsListViewController.swift */,
				43E707DB1F535C4C00EBBEEF /* EditPaymentViewController.swift */,
				43E707DF1F53801700EBBEEF /* PaymentPickerViewController.swift */,
			);
			name = PaymentsViews;
			sourceTree = "<group>";
		};
		434E05171F62121A00214CD3 /* OtherViews */ = {
			isa = PBXGroup;
			children = (
				434E05181F62124A00214CD3 /* Other.storyboard */,
				434E051A1F62128100214CD3 /* ServiceRatingViewController.swift */,
			);
			name = OtherViews;
			sourceTree = "<group>";
		};
		439684621F69E73400CEC79B /* HometapUITests */ = {
			isa = PBXGroup;
			children = (
				439684631F69E73400CEC79B /* HometapUITests.swift */,
				439684651F69E73400CEC79B /* Info.plist */,
			);
			path = HometapUITests;
			sourceTree = "<group>";
		};
		439F14091F1C3AE8009DABF8 /* assets */ = {
			isa = PBXGroup;
			children = (
				43B610D51F1E80B3003425BD /* social */,
				43B610D01F1E77C9003425BD /* icons */,
				439F141F1F1C3E79009DABF8 /* iconAddService.png */,
				43B610D31F1E7D44003425BD /* photo-camera.png */,
				439F14201F1C3E79009DABF8 /* iconAdressGreen.png */,
				439F14211F1C3E79009DABF8 /* iconAdressGrey.png */,
				43E707DD1F537DE100EBBEEF /* iconArrowComboBox.png */,
				439F14221F1C3E79009DABF8 /* iconApartment.png */,
				439F14231F1C3E79009DABF8 /* iconCreditCard.png */,
				439F14241F1C3E79009DABF8 /* icon_curtains_green.png */,
				439F14251F1C3E79009DABF8 /* icon_curtains_white.png */,
				439F14261F1C3E79009DABF8 /* icon_division_white.png */,
				439F14271F1C3E79009DABF8 /* icon_division_green.png */,
				439F14281F1C3E79009DABF8 /* iconFavorite.png */,
				439F14291F1C3E79009DABF8 /* icon_fridge_green.png */,
				439F142A1F1C3E79009DABF8 /* icon_fridge_white.png */,
				439F142B1F1C3E79009DABF8 /* iconHistoryGreen.png */,
				439F142C1F1C3E79009DABF8 /* iconHistoryGrey.png */,
				439F142D1F1C3E79009DABF8 /* iconHouseBlack.png */,
				439F142E1F1C3E79009DABF8 /* iconHouseGreen.png */,
				439F142F1F1C3E79009DABF8 /* iconHouseGrey.png */,
				439F14301F1C3E79009DABF8 /* iconNoPhoto.png */,
				439F14311F1C3E79009DABF8 /* iconNoPhotoSmall.png */,
				439F14321F1C3E79009DABF8 /* iconProfileGreen.png */,
				439F14331F1C3E79009DABF8 /* iconProfileGrey.png */,
				439F14341F1C3E79009DABF8 /* iconServiceBooked.png */,
				434D5C521F48D8CF00C17541 /* iconArrowGreen.png */,
				434D5C531F48D8CF00C17541 /* iconArrowWhite.png */,
				439F14351F1C3E79009DABF8 /* iconServiceChecked.png */,
				439F14361F1C3E79009DABF8 /* icon_sofa_green.png */,
				439F14371F1C3E79009DABF8 /* icon_sofa_white.png */,
				439F14381F1C3E79009DABF8 /* iconStarEmpty.png */,
				439F14391F1C3E79009DABF8 /* iconStarFilled.png */,
				439F143A1F1C3E79009DABF8 /* icon_stove_green.png */,
				439F143B1F1C3E7A009DABF8 /* icon_stove_white.png */,
				439F143C1F1C3E7A009DABF8 /* icon_wall_green.png */,
				439F143D1F1C3E7A009DABF8 /* icon_wall_white.png */,
				439F143E1F1C3E7A009DABF8 /* icon_window_green.png */,
				439F143F1F1C3E7A009DABF8 /* icon_window_white.png */,
				439F14401F1C3E7A009DABF8 /* illustrationCreditCard.png */,
				439F14411F1C3E7A009DABF8 /* illustrationGeneralService.png */,
				439F14421F1C3E7A009DABF8 /* illustrationNoBookings.png */,
				439F140A1F1C3AF0009DABF8 /* typo */,
			);
			name = assets;
			sourceTree = "<group>";
		};
		439F140A1F1C3AF0009DABF8 /* typo */ = {
			isa = PBXGroup;
			children = (
				439F140B1F1C3B00009DABF8 /* Rubik-Black.ttf */,
				439F140C1F1C3B00009DABF8 /* Rubik-BlackItalic.ttf */,
				439F140D1F1C3B00009DABF8 /* Rubik-Bold.ttf */,
				439F140E1F1C3B00009DABF8 /* Rubik-BoldItalic.ttf */,
				439F140F1F1C3B00009DABF8 /* Rubik-Italic.ttf */,
				439F14101F1C3B00009DABF8 /* Rubik-Light.ttf */,
				439F14111F1C3B00009DABF8 /* Rubik-LightItalic.ttf */,
				439F14121F1C3B00009DABF8 /* Rubik-Medium.ttf */,
				439F14131F1C3B00009DABF8 /* Rubik-MediumItalic.ttf */,
				439F14141F1C3B00009DABF8 /* Rubik-Regular.ttf */,
			);
			name = typo;
			sourceTree = "<group>";
		};
		439F14671F1C49BF009DABF8 /* CustomViews */ = {
			isa = PBXGroup;
			children = (
				439F14681F1C4A0B009DABF8 /* MaterialTabBarViewController.swift */,
				43DC56511F1D393800C68B17 /* HTTableViewCell.swift */,
				4319355F1F47A00C005BB082 /* HTCollectionViewCell.swift */,
				4343932D1F315CFB00861426 /* DatePickerViewController.swift */,
				4343932E1F315CFB00861426 /* DatePickerViewController.xib */,
				43628D991F328FE600C5444D /* OptionPicker.swift */,
				43628D9E1F32939F00C5444D /* OptionPicker.storyboard */,
				438E33201F659188005117AF /* HTAlertViewController.swift */,
				438E33211F659188005117AF /* HTAlertViewController.xib */,
			);
			name = CustomViews;
			sourceTree = "<group>";
		};
		439F146A1F1C9D0B009DABF8 /* MainViews */ = {
			isa = PBXGroup;
			children = (
				43C4EC221F66EB5F006A54B4 /* FavoritesViews */,
				4313C1E41F64488E00DBF27A /* CreditsViews */,
				434E05171F62121A00214CD3 /* OtherViews */,
				434B661E1F4BC07E007CE9E2 /* PaymentsViews */,
				434B66171F4B394C007CE9E2 /* PlacesViews */,
				4319355A1F4795F7005BB082 /* BookingViews */,
				43DC564E1F1D381200C68B17 /* LocationsViewController.swift */,
				439F146B1F1C9D3C009DABF8 /* HomeViewController.swift */,
				43DC564A1F1D2A9800C68B17 /* HistoryViewController.swift */,
				43DC564C1F1D2E5000C68B17 /* ProfileViewController.swift */,
				435B24611F60E9EE00F2AC5C /* ProfileChangeViewController.swift */,
			);
			name = MainViews;
			sourceTree = "<group>";
		};
		43B610D01F1E77C9003425BD /* icons */ = {
			isa = PBXGroup;
			children = (
				43B610D11F1E77D2003425BD /* LOGO.bmp */,
			);
			name = icons;
			sourceTree = "<group>";
		};
		43B610D51F1E80B3003425BD /* social */ = {
			isa = PBXGroup;
			children = (
				43B610D61F1E80C1003425BD /* fb.png */,
				43B610D71F1E80C1003425BD /* google_c_b.png */,
			);
			name = social;
			sourceTree = "<group>";
		};
		43C4EC221F66EB5F006A54B4 /* FavoritesViews */ = {
			isa = PBXGroup;
			children = (
				43C4EC231F66EC4C006A54B4 /* Favorites.storyboard */,
				43C4EC251F66EDF1006A54B4 /* FavoritesViewController.swift */,
				43C4EC271F671431006A54B4 /* FavoriteSearchViewController.swift */,
			);
			name = FavoritesViews;
			sourceTree = "<group>";
		};
		43EF36AB1F16F9D70013FA8A = {
			isa = PBXGroup;
			children = (
				43EF36B61F16F9D70013FA8A /* Hometap */,
				439684621F69E73400CEC79B /* HometapUITests */,
				43EF36B51F16F9D70013FA8A /* Products */,
				680DBB1B8D961335B2705647 /* Pods */,
				165B4CCA16BBFBF31DE566DE /* Frameworks */,
			);
			sourceTree = "<group>";
		};
		43EF36B51F16F9D70013FA8A /* Products */ = {
			isa = PBXGroup;
			children = (
				43EF36B41F16F9D70013FA8A /* Hometap.app */,
				439684611F69E73400CEC79B /* HometapUITests.xctest */,
			);
			name = Products;
			sourceTree = "<group>";
		};
		43EF36B61F16F9D70013FA8A /* Hometap */ = {
			isa = PBXGroup;
			children = (
				434E051E1F62579A00214CD3 /* Hometap.entitlements */,
				430B836F1F1DDB3F007585F2 /* AuthViews */,
				439F146A1F1C9D0B009DABF8 /* MainViews */,
				439F14671F1C49BF009DABF8 /* CustomViews */,
				439F14091F1C3AE8009DABF8 /* assets */,
				43EF36D01F1704CF0013FA8A /* entities */,
				43EF36CD1F1703960013FA8A /* libs */,
				43EF36B71F16F9D70013FA8A /* AppDelegate.swift */,
				43EF36BB1F16F9D70013FA8A /* Main.storyboard */,
				43EF36BE1F16F9D70013FA8A /* Assets.xcassets */,
				43EF36C01F16F9D70013FA8A /* LaunchScreen.storyboard */,
				43EF36C31F16F9D70013FA8A /* Info.plist */,
				43EF36D51F1708070013FA8A /* GoogleService-Info.plist */,
			);
			path = Hometap;
			sourceTree = "<group>";
		};
		43EF36CD1F1703960013FA8A /* libs */ = {
			isa = PBXGroup;
			children = (
				43EF36E31F192B4D0013FA8A /* Threading.swift */,
				43EF36C91F1703810013FA8A /* Hometap-Bridging-Header.h */,
			);
			name = libs;
			sourceTree = "<group>";
		};
		43EF36D01F1704CF0013FA8A /* entities */ = {
			isa = PBXGroup;
			children = (
				43EF36DD1F192B2A0013FA8A /* extensions.swift */,
				43EF36DC1F192B2A0013FA8A /* Constants.swift */,
				43EF36E71F192C010013FA8A /* HometapObject.swift */,
				43EF36DE1F192B2A0013FA8A /* User.swift */,
				43EF36DB1F192B2A0013FA8A /* Client.swift */,
				43EF36E51F192B880013FA8A /* Homie.swift */,
				43EF36E91F194F600013FA8A /* Service.swift */,
				439F14011F195A1B009DABF8 /* Place.swift */,
				439F14031F19683F009DABF8 /* AdditionalServices.swift */,
				439F14051F198574009DABF8 /* Product.swift */,
				439F14071F19A698009DABF8 /* Calendar.swift */,
				4319355D1F4799A8005BB082 /* AppContent.swift */,
				43E707D71F5321C400EBBEEF /* Comment.swift */,
				43E707D91F5323B100EBBEEF /* PaymentCard.swift */,
				434E051C1F62515F00214CD3 /* Notification.swift */,
				438E331E1F657308005117AF /* Coupon.swift */,
			);
			name = entities;
			sourceTree = "<group>";
		};
		680DBB1B8D961335B2705647 /* Pods */ = {
			isa = PBXGroup;
			children = (
				41EE0E6489CEC26245E3FF96 /* Pods-Hometap.debug.xcconfig */,
				F12207F516A8590C3EA62B6B /* Pods-Hometap.release.xcconfig */,
				5123D1881D298401949BB947 /* Pods-HometapUITests.debug.xcconfig */,
				7491B6E1CBB085A681C6E5F1 /* Pods-HometapUITests.release.xcconfig */,
			);
			name = Pods;
			sourceTree = "<group>";
		};
/* End PBXGroup section */

/* Begin PBXNativeTarget section */
		439684601F69E73400CEC79B /* HometapUITests */ = {
			isa = PBXNativeTarget;
			buildConfigurationList = 4396846A1F69E73400CEC79B /* Build configuration list for PBXNativeTarget "HometapUITests" */;
			buildPhases = (
				B53982C563EE907839F2B315 /* [CP] Check Pods Manifest.lock */,
				4396845D1F69E73400CEC79B /* Sources */,
				4396845E1F69E73400CEC79B /* Frameworks */,
				4396845F1F69E73400CEC79B /* Resources */,
				042E5FFC50D111FD8B5E0C2F /* [CP] Embed Pods Frameworks */,
				97E4DE13482F01E2D0EE35F8 /* [CP] Copy Pods Resources */,
			);
			buildRules = (
			);
			dependencies = (
				439684671F69E73400CEC79B /* PBXTargetDependency */,
			);
			name = HometapUITests;
			productName = HometapUITests;
			productReference = 439684611F69E73400CEC79B /* HometapUITests.xctest */;
			productType = "com.apple.product-type.bundle.ui-testing";
		};
		43EF36B31F16F9D70013FA8A /* Hometap */ = {
			isa = PBXNativeTarget;
			buildConfigurationList = 43EF36C61F16F9D70013FA8A /* Build configuration list for PBXNativeTarget "Hometap" */;
			buildPhases = (
				CB4E92BCBB9EFAB2EC266CD4 /* [CP] Check Pods Manifest.lock */,
				43EF36B01F16F9D70013FA8A /* Sources */,
				43EF36B11F16F9D70013FA8A /* Frameworks */,
				43EF36B21F16F9D70013FA8A /* Resources */,
				57D189614B8DB2A2E5E23827 /* [CP] Embed Pods Frameworks */,
				09EF6F5388FB57FFCB43A93E /* [CP] Copy Pods Resources */,
				4396846D1F69FD6B00CEC79B /* ShellScript */,
				AEC45D52C66713B4304B15C8 /* Tailor */,
			);
			buildRules = (
			);
			dependencies = (
			);
			name = Hometap;
			productName = Hometap;
			productReference = 43EF36B41F16F9D70013FA8A /* Hometap.app */;
			productType = "com.apple.product-type.application";
		};
/* End PBXNativeTarget section */

/* Begin PBXProject section */
		43EF36AC1F16F9D70013FA8A /* Project object */ = {
			isa = PBXProject;
			attributes = {
				LastSwiftUpdateCheck = 0830;
				LastUpgradeCheck = 0830;
				ORGANIZATIONNAME = "Tres Astronautas";
				TargetAttributes = {
					439684601F69E73400CEC79B = {
						CreatedOnToolsVersion = 8.3.3;
						DevelopmentTeam = QBLL74FJC6;
						ProvisioningStyle = Automatic;
						TestTargetID = 43EF36B31F16F9D70013FA8A;
					};
					43EF36B31F16F9D70013FA8A = {
						CreatedOnToolsVersion = 8.3.2;
						DevelopmentTeam = QBLL74FJC6;
						LastSwiftMigration = 0830;
						ProvisioningStyle = Automatic;
						SystemCapabilities = {
							com.apple.Push = {
								enabled = 1;
							};
						};
					};
				};
			};
			buildConfigurationList = 43EF36AF1F16F9D70013FA8A /* Build configuration list for PBXProject "Hometap" */;
			compatibilityVersion = "Xcode 3.2";
			developmentRegion = English;
			hasScannedForEncodings = 0;
			knownRegions = (
				en,
				Base,
			);
			mainGroup = 43EF36AB1F16F9D70013FA8A;
			productRefGroup = 43EF36B51F16F9D70013FA8A /* Products */;
			projectDirPath = "";
			projectRoot = "";
			targets = (
				43EF36B31F16F9D70013FA8A /* Hometap */,
				439684601F69E73400CEC79B /* HometapUITests */,
			);
		};
/* End PBXProject section */

/* Begin PBXResourcesBuildPhase section */
		4396845F1F69E73400CEC79B /* Resources */ = {
			isa = PBXResourcesBuildPhase;
			buildActionMask = 2147483647;
			files = (
			);
			runOnlyForDeploymentPostprocessing = 0;
		};
		43EF36B21F16F9D70013FA8A /* Resources */ = {
			isa = PBXResourcesBuildPhase;
			buildActionMask = 2147483647;
			files = (
				439F14501F1C3E7A009DABF8 /* iconHistoryGrey.png in Resources */,
				439F14471F1C3E7A009DABF8 /* iconCreditCard.png in Resources */,
				43EF36C21F16F9D70013FA8A /* LaunchScreen.storyboard in Resources */,
				439F141E1F1C3B34009DABF8 /* Rubik-Regular.ttf in Resources */,
				439F14661F1C3E7A009DABF8 /* illustrationNoBookings.png in Resources */,
				434D5C551F48D8CF00C17541 /* iconArrowWhite.png in Resources */,
				439F144F1F1C3E7A009DABF8 /* iconHistoryGreen.png in Resources */,
				439F144E1F1C3E7A009DABF8 /* icon_fridge_white.png in Resources */,
				439F14581F1C3E7A009DABF8 /* iconServiceBooked.png in Resources */,
				434E05191F62124A00214CD3 /* Other.storyboard in Resources */,
				439F14481F1C3E7A009DABF8 /* icon_curtains_green.png in Resources */,
				439F14531F1C3E7A009DABF8 /* iconHouseGrey.png in Resources */,
				439F145D1F1C3E7A009DABF8 /* iconStarFilled.png in Resources */,
				43B610D91F1E80C1003425BD /* google_c_b.png in Resources */,
				43B610D41F1E7D44003425BD /* photo-camera.png in Resources */,
				439F14441F1C3E7A009DABF8 /* iconAdressGreen.png in Resources */,
				439F14651F1C3E7A009DABF8 /* illustrationGeneralService.png in Resources */,
				439F14461F1C3E7A009DABF8 /* iconApartment.png in Resources */,
				43C4EC241F66EC4C006A54B4 /* Favorites.storyboard in Resources */,
				434393301F315CFB00861426 /* DatePickerViewController.xib in Resources */,
				4313C1E61F6448B700DBF27A /* Credits.storyboard in Resources */,
				439F14621F1C3E7A009DABF8 /* icon_window_green.png in Resources */,
				438E33231F659188005117AF /* HTAlertViewController.xib in Resources */,
				439F145B1F1C3E7A009DABF8 /* icon_sofa_white.png in Resources */,
				439F14431F1C3E7A009DABF8 /* iconAddService.png in Resources */,
				434D5C541F48D8CF00C17541 /* iconArrowGreen.png in Resources */,
				439F14181F1C3B28009DABF8 /* Rubik-BoldItalic.ttf in Resources */,
				43EF36D61F1708070013FA8A /* GoogleService-Info.plist in Resources */,
				439F141C1F1C3B30009DABF8 /* Rubik-Medium.ttf in Resources */,
				439F145A1F1C3E7A009DABF8 /* icon_sofa_green.png in Resources */,
				434D5C5B1F48DE7F00C17541 /* Booking.storyboard in Resources */,
				439F145F1F1C3E7A009DABF8 /* icon_stove_white.png in Resources */,
				439F141B1F1C3B2E009DABF8 /* Rubik-LightItalic.ttf in Resources */,
				439F144B1F1C3E7A009DABF8 /* icon_division_green.png in Resources */,
				439F14561F1C3E7A009DABF8 /* iconProfileGreen.png in Resources */,
				439F14601F1C3E7A009DABF8 /* icon_wall_green.png in Resources */,
				43628D9F1F32939F00C5444D /* OptionPicker.storyboard in Resources */,
				439F14571F1C3E7A009DABF8 /* iconProfileGrey.png in Resources */,
				43E707DE1F537DE100EBBEEF /* iconArrowComboBox.png in Resources */,
				43B610D81F1E80C1003425BD /* fb.png in Resources */,
				439F144C1F1C3E7A009DABF8 /* iconFavorite.png in Resources */,
				439F145C1F1C3E7A009DABF8 /* iconStarEmpty.png in Resources */,
				439F14161F1C3B23009DABF8 /* Rubik-BlackItalic.ttf in Resources */,
				439F14541F1C3E7A009DABF8 /* iconNoPhoto.png in Resources */,
				439F14451F1C3E7A009DABF8 /* iconAdressGrey.png in Resources */,
				434D5C511F48949A00C17541 /* HomiePickerViewController.xib in Resources */,
				434B66201F4BC0C8007CE9E2 /* Payments.storyboard in Resources */,
				439F14591F1C3E7A009DABF8 /* iconServiceChecked.png in Resources */,
				43EF36BF1F16F9D70013FA8A /* Assets.xcassets in Resources */,
				439F14191F1C3B2A009DABF8 /* Rubik-Italic.ttf in Resources */,
				439F145E1F1C3E7A009DABF8 /* icon_stove_green.png in Resources */,
				439F144D1F1C3E7A009DABF8 /* icon_fridge_green.png in Resources */,
				439F14631F1C3E7A009DABF8 /* icon_window_white.png in Resources */,
				439F14491F1C3E7A009DABF8 /* icon_curtains_white.png in Resources */,
				439F14171F1C3B26009DABF8 /* Rubik-Bold.ttf in Resources */,
				439F14611F1C3E7A009DABF8 /* icon_wall_white.png in Resources */,
				439F141D1F1C3B32009DABF8 /* Rubik-MediumItalic.ttf in Resources */,
				439F141A1F1C3B2C009DABF8 /* Rubik-Light.ttf in Resources */,
				43B610D21F1E77D2003425BD /* LOGO.bmp in Resources */,
				439F14521F1C3E7A009DABF8 /* iconHouseGreen.png in Resources */,
				439F14151F1C3B20009DABF8 /* Rubik-Black.ttf in Resources */,
				43EF36BD1F16F9D70013FA8A /* Main.storyboard in Resources */,
				439F14641F1C3E7A009DABF8 /* illustrationCreditCard.png in Resources */,
				439F144A1F1C3E7A009DABF8 /* icon_division_white.png in Resources */,
				439F14551F1C3E7A009DABF8 /* iconNoPhotoSmall.png in Resources */,
				439F14511F1C3E7A009DABF8 /* iconHouseBlack.png in Resources */,
				434B66191F4B3988007CE9E2 /* Places.storyboard in Resources */,
			);
			runOnlyForDeploymentPostprocessing = 0;
		};
/* End PBXResourcesBuildPhase section */

/* Begin PBXShellScriptBuildPhase section */
		042E5FFC50D111FD8B5E0C2F /* [CP] Embed Pods Frameworks */ = {
			isa = PBXShellScriptBuildPhase;
			buildActionMask = 2147483647;
			files = (
			);
			inputPaths = (
				"${SRCROOT}/Pods/Target Support Files/Pods-HometapUITests/Pods-HometapUITests-frameworks.sh",
				"${BUILT_PRODUCTS_DIR}/SwiftMonkey/SwiftMonkey.framework",
			);
			name = "[CP] Embed Pods Frameworks";
			outputPaths = (
				"${TARGET_BUILD_DIR}/${FRAMEWORKS_FOLDER_PATH}/SwiftMonkey.framework",
			);
			runOnlyForDeploymentPostprocessing = 0;
			shellPath = /bin/sh;
			shellScript = "\"${SRCROOT}/Pods/Target Support Files/Pods-HometapUITests/Pods-HometapUITests-frameworks.sh\"\n";
			showEnvVarsInLog = 0;
		};
		09EF6F5388FB57FFCB43A93E /* [CP] Copy Pods Resources */ = {
			isa = PBXShellScriptBuildPhase;
			buildActionMask = 2147483647;
			files = (
			);
			inputPaths = (
				"${SRCROOT}/Pods/Target Support Files/Pods-Hometap/Pods-Hometap-resources.sh",
				"${PODS_ROOT}/GoogleMaps/Maps/Frameworks/GoogleMaps.framework/Resources/GoogleMaps.bundle",
				"${PODS_ROOT}/GooglePlacePicker/Frameworks/GooglePlacePicker.framework/Resources/GooglePlacePicker.bundle",
				"${PODS_ROOT}/GooglePlaces/Frameworks/GooglePlaces.framework/Resources/GooglePlaces.bundle",
				"${PODS_ROOT}/GoogleSignIn/Resources/GoogleSignIn.bundle",
			);
			name = "[CP] Copy Pods Resources";
			outputPaths = (
				"${TARGET_BUILD_DIR}/${UNLOCALIZED_RESOURCES_FOLDER_PATH}",
			);
			runOnlyForDeploymentPostprocessing = 0;
			shellPath = /bin/sh;
			shellScript = "\"${SRCROOT}/Pods/Target Support Files/Pods-Hometap/Pods-Hometap-resources.sh\"\n";
			showEnvVarsInLog = 0;
		};
		4396846D1F69FD6B00CEC79B /* ShellScript */ = {
			isa = PBXShellScriptBuildPhase;
			buildActionMask = 2147483647;
			files = (
			);
			inputPaths = (
			);
			outputPaths = (
			);
			runOnlyForDeploymentPostprocessing = 0;
			shellPath = /bin/sh;
			shellScript = "SCRIPT=`/usr/bin/find \"${SRCROOT}\" -name newrelic_postbuild.sh | head -n 1`\n\n/bin/sh \"${SCRIPT}\" \"AA2dc717c812802b662ee25a6ae127325c597abfb3\"";
		};
		57D189614B8DB2A2E5E23827 /* [CP] Embed Pods Frameworks */ = {
			isa = PBXShellScriptBuildPhase;
			buildActionMask = 2147483647;
			files = (
			);
			inputPaths = (
				"${SRCROOT}/Pods/Target Support Files/Pods-Hometap/Pods-Hometap-frameworks.sh",
				"${BUILT_PRODUCTS_DIR}/AFNetworking/AFNetworking.framework",
				"${BUILT_PRODUCTS_DIR}/Bolts/Bolts.framework",
				"${BUILT_PRODUCTS_DIR}/Cosmos/Cosmos.framework",
				"${BUILT_PRODUCTS_DIR}/DropDown/DropDown.framework",
				"${BUILT_PRODUCTS_DIR}/FBSDKCoreKit/FBSDKCoreKit.framework",
				"${BUILT_PRODUCTS_DIR}/FBSDKLoginKit/FBSDKLoginKit.framework",
				"${BUILT_PRODUCTS_DIR}/FBSDKShareKit/FBSDKShareKit.framework",
				"${BUILT_PRODUCTS_DIR}/GTMOAuth2/GTMOAuth2.framework",
				"${BUILT_PRODUCTS_DIR}/GTMSessionFetcher/GTMSessionFetcher.framework",
				"${BUILT_PRODUCTS_DIR}/GoogleToolboxForMac/GoogleToolboxForMac.framework",
				"${BUILT_PRODUCTS_DIR}/Hue/Hue.framework",
				"${BUILT_PRODUCTS_DIR}/ImagePicker/ImagePicker.framework",
				"${BUILT_PRODUCTS_DIR}/JModalController/JModalController.framework",
				"${BUILT_PRODUCTS_DIR}/Lightbox/Lightbox.framework",
				"${BUILT_PRODUCTS_DIR}/MBProgressHUD/MBProgressHUD.framework",
				"${BUILT_PRODUCTS_DIR}/Material/Material.framework",
				"${BUILT_PRODUCTS_DIR}/Navajo-Swift/Navajo_Swift.framework",
				"${BUILT_PRODUCTS_DIR}/Protobuf/Protobuf.framework",
				"${BUILT_PRODUCTS_DIR}/ReachabilitySwift/ReachabilitySwift.framework",
				"${BUILT_PRODUCTS_DIR}/RestEssentials/RestEssentials.framework",
				"${BUILT_PRODUCTS_DIR}/Stripe/Stripe.framework",
				"${BUILT_PRODUCTS_DIR}/SwiftMonkeyPaws/SwiftMonkeyPaws.framework",
				"${BUILT_PRODUCTS_DIR}/nanopb/nanopb.framework",
			);
			name = "[CP] Embed Pods Frameworks";
			outputPaths = (
				"${TARGET_BUILD_DIR}/${FRAMEWORKS_FOLDER_PATH}/AFNetworking.framework",
				"${TARGET_BUILD_DIR}/${FRAMEWORKS_FOLDER_PATH}/Bolts.framework",
				"${TARGET_BUILD_DIR}/${FRAMEWORKS_FOLDER_PATH}/Cosmos.framework",
				"${TARGET_BUILD_DIR}/${FRAMEWORKS_FOLDER_PATH}/DropDown.framework",
				"${TARGET_BUILD_DIR}/${FRAMEWORKS_FOLDER_PATH}/FBSDKCoreKit.framework",
				"${TARGET_BUILD_DIR}/${FRAMEWORKS_FOLDER_PATH}/FBSDKLoginKit.framework",
				"${TARGET_BUILD_DIR}/${FRAMEWORKS_FOLDER_PATH}/FBSDKShareKit.framework",
				"${TARGET_BUILD_DIR}/${FRAMEWORKS_FOLDER_PATH}/GTMOAuth2.framework",
				"${TARGET_BUILD_DIR}/${FRAMEWORKS_FOLDER_PATH}/GTMSessionFetcher.framework",
				"${TARGET_BUILD_DIR}/${FRAMEWORKS_FOLDER_PATH}/GoogleToolboxForMac.framework",
				"${TARGET_BUILD_DIR}/${FRAMEWORKS_FOLDER_PATH}/Hue.framework",
				"${TARGET_BUILD_DIR}/${FRAMEWORKS_FOLDER_PATH}/ImagePicker.framework",
				"${TARGET_BUILD_DIR}/${FRAMEWORKS_FOLDER_PATH}/JModalController.framework",
				"${TARGET_BUILD_DIR}/${FRAMEWORKS_FOLDER_PATH}/Lightbox.framework",
				"${TARGET_BUILD_DIR}/${FRAMEWORKS_FOLDER_PATH}/MBProgressHUD.framework",
				"${TARGET_BUILD_DIR}/${FRAMEWORKS_FOLDER_PATH}/Material.framework",
				"${TARGET_BUILD_DIR}/${FRAMEWORKS_FOLDER_PATH}/Navajo_Swift.framework",
				"${TARGET_BUILD_DIR}/${FRAMEWORKS_FOLDER_PATH}/Protobuf.framework",
				"${TARGET_BUILD_DIR}/${FRAMEWORKS_FOLDER_PATH}/ReachabilitySwift.framework",
				"${TARGET_BUILD_DIR}/${FRAMEWORKS_FOLDER_PATH}/RestEssentials.framework",
				"${TARGET_BUILD_DIR}/${FRAMEWORKS_FOLDER_PATH}/Stripe.framework",
				"${TARGET_BUILD_DIR}/${FRAMEWORKS_FOLDER_PATH}/SwiftMonkeyPaws.framework",
				"${TARGET_BUILD_DIR}/${FRAMEWORKS_FOLDER_PATH}/nanopb.framework",
			);
			runOnlyForDeploymentPostprocessing = 0;
			shellPath = /bin/sh;
			shellScript = "\"${SRCROOT}/Pods/Target Support Files/Pods-Hometap/Pods-Hometap-frameworks.sh\"\n";
			showEnvVarsInLog = 0;
		};
		97E4DE13482F01E2D0EE35F8 /* [CP] Copy Pods Resources */ = {
			isa = PBXShellScriptBuildPhase;
			buildActionMask = 2147483647;
			files = (
			);
			inputPaths = (
			);
			name = "[CP] Copy Pods Resources";
			outputPaths = (
			);
			runOnlyForDeploymentPostprocessing = 0;
			shellPath = /bin/sh;
			shellScript = "\"${SRCROOT}/Pods/Target Support Files/Pods-HometapUITests/Pods-HometapUITests-resources.sh\"\n";
			showEnvVarsInLog = 0;
		};
		AEC45D52C66713B4304B15C8 /* Tailor */ = {
			isa = PBXShellScriptBuildPhase;
			buildActionMask = 2147483647;
			files = (
			);
			inputPaths = (
			);
			name = Tailor;
			outputPaths = (
			);
			runOnlyForDeploymentPostprocessing = 0;
			shellPath = /bin/sh;
			shellScript = "if [ \"${CONFIGURATION}\" = \"Analyze\" ]; then\nif hash tailor 2>/dev/null; then\ntailor\nelse\necho \"warning: Please install Tailor from https://tailor.sh\"\nfi\nfi";
		};
		B53982C563EE907839F2B315 /* [CP] Check Pods Manifest.lock */ = {
			isa = PBXShellScriptBuildPhase;
			buildActionMask = 2147483647;
			files = (
			);
			inputPaths = (
				"${PODS_PODFILE_DIR_PATH}/Podfile.lock",
				"${PODS_ROOT}/Manifest.lock",
			);
			name = "[CP] Check Pods Manifest.lock";
			outputPaths = (
				"$(DERIVED_FILE_DIR)/Pods-HometapUITests-checkManifestLockResult.txt",
			);
			runOnlyForDeploymentPostprocessing = 0;
			shellPath = /bin/sh;
			shellScript = "diff \"${PODS_PODFILE_DIR_PATH}/Podfile.lock\" \"${PODS_ROOT}/Manifest.lock\" > /dev/null\nif [ $? != 0 ] ; then\n    # print error to STDERR\n    echo \"error: The sandbox is not in sync with the Podfile.lock. Run 'pod install' or update your CocoaPods installation.\" >&2\n    exit 1\nfi\n# This output is used by Xcode 'outputs' to avoid re-running this script phase.\necho \"SUCCESS\" > \"${SCRIPT_OUTPUT_FILE_0}\"\n";
			showEnvVarsInLog = 0;
		};
		CB4E92BCBB9EFAB2EC266CD4 /* [CP] Check Pods Manifest.lock */ = {
			isa = PBXShellScriptBuildPhase;
			buildActionMask = 2147483647;
			files = (
			);
			inputPaths = (
				"${PODS_PODFILE_DIR_PATH}/Podfile.lock",
				"${PODS_ROOT}/Manifest.lock",
			);
			name = "[CP] Check Pods Manifest.lock";
			outputPaths = (
				"$(DERIVED_FILE_DIR)/Pods-Hometap-checkManifestLockResult.txt",
			);
			runOnlyForDeploymentPostprocessing = 0;
			shellPath = /bin/sh;
			shellScript = "diff \"${PODS_PODFILE_DIR_PATH}/Podfile.lock\" \"${PODS_ROOT}/Manifest.lock\" > /dev/null\nif [ $? != 0 ] ; then\n    # print error to STDERR\n    echo \"error: The sandbox is not in sync with the Podfile.lock. Run 'pod install' or update your CocoaPods installation.\" >&2\n    exit 1\nfi\n# This output is used by Xcode 'outputs' to avoid re-running this script phase.\necho \"SUCCESS\" > \"${SCRIPT_OUTPUT_FILE_0}\"\n";
			showEnvVarsInLog = 0;
		};
/* End PBXShellScriptBuildPhase section */

/* Begin PBXSourcesBuildPhase section */
		4396845D1F69E73400CEC79B /* Sources */ = {
			isa = PBXSourcesBuildPhase;
			buildActionMask = 2147483647;
			files = (
				439684641F69E73400CEC79B /* HometapUITests.swift in Sources */,
			);
			runOnlyForDeploymentPostprocessing = 0;
		};
		43EF36B01F16F9D70013FA8A /* Sources */ = {
			isa = PBXSourcesBuildPhase;
			buildActionMask = 2147483647;
			files = (
				439F14041F19683F009DABF8 /* AdditionalServices.swift in Sources */,
				43DC56521F1D393800C68B17 /* HTTableViewCell.swift in Sources */,
				43EF36E81F192C010013FA8A /* HometapObject.swift in Sources */,
				4313C1E81F644AC400DBF27A /* CreditsViewController.swift in Sources */,
				43EF36E61F192B880013FA8A /* Homie.swift in Sources */,
				43EF36E11F192B2A0013FA8A /* extensions.swift in Sources */,
				434B661D1F4B3A0E007CE9E2 /* PlaceEditorViewController.swift in Sources */,
				431935601F47A00C005BB082 /* HTCollectionViewCell.swift in Sources */,
				43C4EC281F671431006A54B4 /* FavoriteSearchViewController.swift in Sources */,
				434B661B1F4B39F6007CE9E2 /* PlacePickerViewController.swift in Sources */,
				43EF36E21F192B2A0013FA8A /* User.swift in Sources */,
				43C4EC261F66EDF1006A54B4 /* FavoritesViewController.swift in Sources */,
				438E33221F659188005117AF /* HTAlertViewController.swift in Sources */,
				439F146C1F1C9D3C009DABF8 /* HomeViewController.swift in Sources */,
				43E707D81F5321C400EBBEEF /* Comment.swift in Sources */,
				43A0B94E1F56033800ABB9F9 /* BookingConfirmationViewController.swift in Sources */,
				43EF36B81F16F9D70013FA8A /* AppDelegate.swift in Sources */,
				43E707D61F53219C00EBBEEF /* PaymentsListViewController.swift in Sources */,
				430B83711F1DDB7B007585F2 /* LoginViewController.swift in Sources */,
				4319355E1F4799A8005BB082 /* AppContent.swift in Sources */,
				43AC4C861F23F18E007D638E /* RegisterViewController.swift in Sources */,
				434E051B1F62128100214CD3 /* ServiceRatingViewController.swift in Sources */,
				43DC564D1F1D2E5000C68B17 /* ProfileViewController.swift in Sources */,
				43DC564B1F1D2A9800C68B17 /* HistoryViewController.swift in Sources */,
				43628D9B1F328FE600C5444D /* OptionPicker.swift in Sources */,
				4319355C1F47963E005BB082 /* BookingViewController.swift in Sources */,
				43E707DC1F535C4C00EBBEEF /* EditPaymentViewController.swift in Sources */,
				435B24621F60E9EE00F2AC5C /* ProfileChangeViewController.swift in Sources */,
				438E331F1F657308005117AF /* Coupon.swift in Sources */,
				43EF36DF1F192B2A0013FA8A /* Client.swift in Sources */,
				434D5C501F48949A00C17541 /* HomiePickerViewController.swift in Sources */,
				43E707E21F53A4EC00EBBEEF /* BookingBriefViewController.swift in Sources */,
				43EF36EA1F194F600013FA8A /* Service.swift in Sources */,
				43DC564F1F1D381200C68B17 /* LocationsViewController.swift in Sources */,
				43EF36E41F192B4D0013FA8A /* Threading.swift in Sources */,
				439F14021F195A1B009DABF8 /* Place.swift in Sources */,
				43EF36E01F192B2A0013FA8A /* Constants.swift in Sources */,
				439F14061F198574009DABF8 /* Product.swift in Sources */,
				43E707E01F53801700EBBEEF /* PaymentPickerViewController.swift in Sources */,
				439F14081F19A698009DABF8 /* Calendar.swift in Sources */,
				4343932F1F315CFB00861426 /* DatePickerViewController.swift in Sources */,
				434D5C581F48DAEF00C17541 /* HomieConfirmViewController.swift in Sources */,
				43AC4C881F23F19F007D638E /* SetUpViewController.swift in Sources */,
				43E707DA1F5323B100EBBEEF /* PaymentCard.swift in Sources */,
				4313C1EA1F644E5400DBF27A /* RedeemViewController.swift in Sources */,
				434E051D1F62515F00214CD3 /* Notification.swift in Sources */,
				439F14691F1C4A0B009DABF8 /* MaterialTabBarViewController.swift in Sources */,
				43E707D21F53185900EBBEEF /* PaymentsCardViewController.swift in Sources */,
				43E707D41F531F1D00EBBEEF /* AddPaymentViewController.swift in Sources */,
			);
			runOnlyForDeploymentPostprocessing = 0;
		};
/* End PBXSourcesBuildPhase section */

/* Begin PBXTargetDependency section */
		439684671F69E73400CEC79B /* PBXTargetDependency */ = {
			isa = PBXTargetDependency;
			target = 43EF36B31F16F9D70013FA8A /* Hometap */;
			targetProxy = 439684661F69E73400CEC79B /* PBXContainerItemProxy */;
		};
/* End PBXTargetDependency section */

/* Begin PBXVariantGroup section */
		43EF36BB1F16F9D70013FA8A /* Main.storyboard */ = {
			isa = PBXVariantGroup;
			children = (
				43EF36BC1F16F9D70013FA8A /* Base */,
			);
			name = Main.storyboard;
			sourceTree = "<group>";
		};
		43EF36C01F16F9D70013FA8A /* LaunchScreen.storyboard */ = {
			isa = PBXVariantGroup;
			children = (
				43EF36C11F16F9D70013FA8A /* Base */,
			);
			name = LaunchScreen.storyboard;
			sourceTree = "<group>";
		};
/* End PBXVariantGroup section */

/* Begin XCBuildConfiguration section */
		439684681F69E73400CEC79B /* Debug */ = {
			isa = XCBuildConfiguration;
			baseConfigurationReference = 5123D1881D298401949BB947 /* Pods-HometapUITests.debug.xcconfig */;
			buildSettings = {
				DEVELOPMENT_TEAM = QBLL74FJC6;
				FRAMEWORK_SEARCH_PATHS = (
					"$(inherited)",
					"$(PROJECT_DIR)/build/Debug-iphoneos/SwiftMonkey",
				);
				INFOPLIST_FILE = HometapUITests/Info.plist;
				LD_RUNPATH_SEARCH_PATHS = "$(inherited) @executable_path/Frameworks @loader_path/Frameworks";
				PRODUCT_BUNDLE_IDENTIFIER = com.tresastronautas.HometapUITests;
				PRODUCT_NAME = "$(TARGET_NAME)";
				SWIFT_VERSION = 3.0;
				TEST_TARGET_NAME = Hometap;
			};
			name = Debug;
		};
		439684691F69E73400CEC79B /* Release */ = {
			isa = XCBuildConfiguration;
			baseConfigurationReference = 7491B6E1CBB085A681C6E5F1 /* Pods-HometapUITests.release.xcconfig */;
			buildSettings = {
				DEVELOPMENT_TEAM = QBLL74FJC6;
				FRAMEWORK_SEARCH_PATHS = (
					"$(inherited)",
					"$(PROJECT_DIR)/build/Debug-iphoneos/SwiftMonkey",
				);
				INFOPLIST_FILE = HometapUITests/Info.plist;
				LD_RUNPATH_SEARCH_PATHS = "$(inherited) @executable_path/Frameworks @loader_path/Frameworks";
				PRODUCT_BUNDLE_IDENTIFIER = com.tresastronautas.HometapUITests;
				PRODUCT_NAME = "$(TARGET_NAME)";
				SWIFT_VERSION = 3.0;
				TEST_TARGET_NAME = Hometap;
			};
			name = Release;
		};
		439684711F6A0DD100CEC79B /* Analyse */ = {
			isa = XCBuildConfiguration;
			buildSettings = {
				ALWAYS_SEARCH_USER_PATHS = NO;
				CLANG_ANALYZER_NONNULL = YES;
				CLANG_ANALYZER_NUMBER_OBJECT_CONVERSION = YES_AGGRESSIVE;
				CLANG_CXX_LANGUAGE_STANDARD = "gnu++0x";
				CLANG_CXX_LIBRARY = "libc++";
				CLANG_ENABLE_MODULES = YES;
				CLANG_ENABLE_OBJC_ARC = YES;
				CLANG_WARN_BOOL_CONVERSION = YES;
				CLANG_WARN_CONSTANT_CONVERSION = YES;
				CLANG_WARN_DIRECT_OBJC_ISA_USAGE = YES_ERROR;
				CLANG_WARN_DOCUMENTATION_COMMENTS = YES;
				CLANG_WARN_EMPTY_BODY = YES;
				CLANG_WARN_ENUM_CONVERSION = YES;
				CLANG_WARN_INFINITE_RECURSION = YES;
				CLANG_WARN_INT_CONVERSION = YES;
				CLANG_WARN_OBJC_ROOT_CLASS = YES_ERROR;
				CLANG_WARN_SUSPICIOUS_MOVE = YES;
				CLANG_WARN_UNREACHABLE_CODE = YES;
				CLANG_WARN__DUPLICATE_METHOD_MATCH = YES;
				"CODE_SIGN_IDENTITY[sdk=iphoneos*]" = "iPhone Developer";
				COPY_PHASE_STRIP = NO;
				DEBUG_INFORMATION_FORMAT = "dwarf-with-dsym";
				ENABLE_NS_ASSERTIONS = NO;
				ENABLE_STRICT_OBJC_MSGSEND = YES;
				GCC_C_LANGUAGE_STANDARD = gnu99;
				GCC_NO_COMMON_BLOCKS = YES;
				GCC_WARN_64_TO_32_BIT_CONVERSION = YES;
				GCC_WARN_ABOUT_RETURN_TYPE = YES_ERROR;
				GCC_WARN_UNDECLARED_SELECTOR = YES;
				GCC_WARN_UNINITIALIZED_AUTOS = YES_AGGRESSIVE;
				GCC_WARN_UNUSED_FUNCTION = YES;
				GCC_WARN_UNUSED_VARIABLE = YES;
				IPHONEOS_DEPLOYMENT_TARGET = 9.0;
				MTL_ENABLE_DEBUG_INFO = NO;
				ONLY_ACTIVE_ARCH = YES;
				SDKROOT = iphoneos;
				SWIFT_OPTIMIZATION_LEVEL = "-Onone";
				VALIDATE_PRODUCT = NO;
			};
			name = Analyse;
		};
		439684721F6A0DD100CEC79B /* Analyse */ = {
			isa = XCBuildConfiguration;
			baseConfigurationReference = F12207F516A8590C3EA62B6B /* Pods-Hometap.release.xcconfig */;
			buildSettings = {
				ASSETCATALOG_COMPILER_APPICON_NAME = AppIcon;
				CLANG_ENABLE_MODULES = YES;
				CODE_SIGN_ENTITLEMENTS = Hometap/Hometap.entitlements;
				"CODE_SIGN_IDENTITY[sdk=iphoneos*]" = "iPhone Developer";
				DEVELOPMENT_TEAM = QBLL74FJC6;
				INFOPLIST_FILE = Hometap/Info.plist;
				IPHONEOS_DEPLOYMENT_TARGET = 9.0;
				LD_RUNPATH_SEARCH_PATHS = "$(inherited) @executable_path/Frameworks";
				PRODUCT_BUNDLE_IDENTIFIER = com.tresastronautas.ios.hometap.user;
				PRODUCT_NAME = "$(TARGET_NAME)";
				PROVISIONING_PROFILE = "";
				PROVISIONING_PROFILE_SPECIFIER = "";
				SWIFT_OBJC_BRIDGING_HEADER = "Hometap/Hometap-Bridging-Header.h";
				SWIFT_VERSION = 3.0;
			};
			name = Analyse;
		};
		439684731F6A0DD100CEC79B /* Analyse */ = {
			isa = XCBuildConfiguration;
			baseConfigurationReference = 7491B6E1CBB085A681C6E5F1 /* Pods-HometapUITests.release.xcconfig */;
			buildSettings = {
				DEVELOPMENT_TEAM = QBLL74FJC6;
				FRAMEWORK_SEARCH_PATHS = (
					"$(inherited)",
					"$(PROJECT_DIR)/build/Debug-iphoneos/SwiftMonkey",
				);
				INFOPLIST_FILE = HometapUITests/Info.plist;
				LD_RUNPATH_SEARCH_PATHS = "$(inherited) @executable_path/Frameworks @loader_path/Frameworks";
				PRODUCT_BUNDLE_IDENTIFIER = com.tresastronautas.HometapUITests;
				PRODUCT_NAME = "$(TARGET_NAME)";
				SWIFT_VERSION = 3.0;
				TEST_TARGET_NAME = Hometap;
			};
			name = Analyse;
		};
		43EF36C41F16F9D70013FA8A /* Debug */ = {
			isa = XCBuildConfiguration;
			buildSettings = {
				ALWAYS_SEARCH_USER_PATHS = NO;
				CLANG_ANALYZER_NONNULL = YES;
				CLANG_ANALYZER_NUMBER_OBJECT_CONVERSION = YES_AGGRESSIVE;
				CLANG_CXX_LANGUAGE_STANDARD = "gnu++0x";
				CLANG_CXX_LIBRARY = "libc++";
				CLANG_ENABLE_MODULES = YES;
				CLANG_ENABLE_OBJC_ARC = YES;
				CLANG_WARN_BOOL_CONVERSION = YES;
				CLANG_WARN_CONSTANT_CONVERSION = YES;
				CLANG_WARN_DIRECT_OBJC_ISA_USAGE = YES_ERROR;
				CLANG_WARN_DOCUMENTATION_COMMENTS = YES;
				CLANG_WARN_EMPTY_BODY = YES;
				CLANG_WARN_ENUM_CONVERSION = YES;
				CLANG_WARN_INFINITE_RECURSION = YES;
				CLANG_WARN_INT_CONVERSION = YES;
				CLANG_WARN_OBJC_ROOT_CLASS = YES_ERROR;
				CLANG_WARN_SUSPICIOUS_MOVE = YES;
				CLANG_WARN_UNREACHABLE_CODE = YES;
				CLANG_WARN__DUPLICATE_METHOD_MATCH = YES;
				"CODE_SIGN_IDENTITY[sdk=iphoneos*]" = "iPhone Developer";
				COPY_PHASE_STRIP = NO;
				DEBUG_INFORMATION_FORMAT = dwarf;
				ENABLE_STRICT_OBJC_MSGSEND = YES;
				ENABLE_TESTABILITY = YES;
				GCC_C_LANGUAGE_STANDARD = gnu99;
				GCC_DYNAMIC_NO_PIC = NO;
				GCC_NO_COMMON_BLOCKS = YES;
				GCC_OPTIMIZATION_LEVEL = 0;
				GCC_PREPROCESSOR_DEFINITIONS = (
					"DEBUG=1",
					"$(inherited)",
				);
				GCC_WARN_64_TO_32_BIT_CONVERSION = YES;
				GCC_WARN_ABOUT_RETURN_TYPE = YES_ERROR;
				GCC_WARN_UNDECLARED_SELECTOR = YES;
				GCC_WARN_UNINITIALIZED_AUTOS = YES_AGGRESSIVE;
				GCC_WARN_UNUSED_FUNCTION = YES;
				GCC_WARN_UNUSED_VARIABLE = YES;
				IPHONEOS_DEPLOYMENT_TARGET = 9.0;
				"LIBRARY_SEARCH_PATHS[arch=*]" = "";
				MTL_ENABLE_DEBUG_INFO = YES;
				ONLY_ACTIVE_ARCH = YES;
				SDKROOT = iphoneos;
				SWIFT_ACTIVE_COMPILATION_CONDITIONS = DEBUG;
				SWIFT_OPTIMIZATION_LEVEL = "-Onone";
			};
			name = Debug;
		};
		43EF36C51F16F9D70013FA8A /* Release */ = {
			isa = XCBuildConfiguration;
			buildSettings = {
				ALWAYS_SEARCH_USER_PATHS = NO;
				CLANG_ANALYZER_NONNULL = YES;
				CLANG_ANALYZER_NUMBER_OBJECT_CONVERSION = YES_AGGRESSIVE;
				CLANG_CXX_LANGUAGE_STANDARD = "gnu++0x";
				CLANG_CXX_LIBRARY = "libc++";
				CLANG_ENABLE_MODULES = YES;
				CLANG_ENABLE_OBJC_ARC = YES;
				CLANG_WARN_BOOL_CONVERSION = YES;
				CLANG_WARN_CONSTANT_CONVERSION = YES;
				CLANG_WARN_DIRECT_OBJC_ISA_USAGE = YES_ERROR;
				CLANG_WARN_DOCUMENTATION_COMMENTS = YES;
				CLANG_WARN_EMPTY_BODY = YES;
				CLANG_WARN_ENUM_CONVERSION = YES;
				CLANG_WARN_INFINITE_RECURSION = YES;
				CLANG_WARN_INT_CONVERSION = YES;
				CLANG_WARN_OBJC_ROOT_CLASS = YES_ERROR;
				CLANG_WARN_SUSPICIOUS_MOVE = YES;
				CLANG_WARN_UNREACHABLE_CODE = YES;
				CLANG_WARN__DUPLICATE_METHOD_MATCH = YES;
				"CODE_SIGN_IDENTITY[sdk=iphoneos*]" = "iPhone Developer";
				COPY_PHASE_STRIP = NO;
				DEBUG_INFORMATION_FORMAT = "dwarf-with-dsym";
				ENABLE_NS_ASSERTIONS = NO;
				ENABLE_STRICT_OBJC_MSGSEND = YES;
				GCC_C_LANGUAGE_STANDARD = gnu99;
				GCC_NO_COMMON_BLOCKS = YES;
				GCC_WARN_64_TO_32_BIT_CONVERSION = YES;
				GCC_WARN_ABOUT_RETURN_TYPE = YES_ERROR;
				GCC_WARN_UNDECLARED_SELECTOR = YES;
				GCC_WARN_UNINITIALIZED_AUTOS = YES_AGGRESSIVE;
				GCC_WARN_UNUSED_FUNCTION = YES;
				GCC_WARN_UNUSED_VARIABLE = YES;
				IPHONEOS_DEPLOYMENT_TARGET = 9.0;
				MTL_ENABLE_DEBUG_INFO = NO;
				SDKROOT = iphoneos;
				SWIFT_OPTIMIZATION_LEVEL = "-Owholemodule";
				VALIDATE_PRODUCT = YES;
			};
			name = Release;
		};
		43EF36C71F16F9D70013FA8A /* Debug */ = {
			isa = XCBuildConfiguration;
			baseConfigurationReference = 41EE0E6489CEC26245E3FF96 /* Pods-Hometap.debug.xcconfig */;
			buildSettings = {
				ASSETCATALOG_COMPILER_APPICON_NAME = AppIcon;
				CLANG_ENABLE_MODULES = YES;
				CODE_SIGN_ENTITLEMENTS = Hometap/Hometap.entitlements;
				"CODE_SIGN_IDENTITY[sdk=iphoneos*]" = "iPhone Developer";
				DEVELOPMENT_TEAM = QBLL74FJC6;
				INFOPLIST_FILE = Hometap/Info.plist;
				IPHONEOS_DEPLOYMENT_TARGET = 9.0;
				LD_RUNPATH_SEARCH_PATHS = "$(inherited) @executable_path/Frameworks";
				PRODUCT_BUNDLE_IDENTIFIER = com.tresastronautas.ios.hometap.user;
				PRODUCT_NAME = "$(TARGET_NAME)";
				PROVISIONING_PROFILE = "";
				PROVISIONING_PROFILE_SPECIFIER = "";
				SWIFT_OBJC_BRIDGING_HEADER = "Hometap/Hometap-Bridging-Header.h";
				SWIFT_OPTIMIZATION_LEVEL = "-Onone";
				SWIFT_VERSION = 3.0;
			};
			name = Debug;
		};
		43EF36C81F16F9D70013FA8A /* Release */ = {
			isa = XCBuildConfiguration;
			baseConfigurationReference = F12207F516A8590C3EA62B6B /* Pods-Hometap.release.xcconfig */;
			buildSettings = {
				ASSETCATALOG_COMPILER_APPICON_NAME = AppIcon;
				CLANG_ENABLE_MODULES = YES;
				CODE_SIGN_ENTITLEMENTS = Hometap/Hometap.entitlements;
				"CODE_SIGN_IDENTITY[sdk=iphoneos*]" = "iPhone Developer";
				DEVELOPMENT_TEAM = QBLL74FJC6;
				INFOPLIST_FILE = Hometap/Info.plist;
				IPHONEOS_DEPLOYMENT_TARGET = 9.0;
				LD_RUNPATH_SEARCH_PATHS = "$(inherited) @executable_path/Frameworks";
				PRODUCT_BUNDLE_IDENTIFIER = com.tresastronautas.ios.hometap.user;
				PRODUCT_NAME = "$(TARGET_NAME)";
				PROVISIONING_PROFILE = "";
				PROVISIONING_PROFILE_SPECIFIER = "";
				SWIFT_OBJC_BRIDGING_HEADER = "Hometap/Hometap-Bridging-Header.h";
				SWIFT_VERSION = 3.0;
			};
			name = Release;
		};
/* End XCBuildConfiguration section */

/* Begin XCConfigurationList section */
		4396846A1F69E73400CEC79B /* Build configuration list for PBXNativeTarget "HometapUITests" */ = {
			isa = XCConfigurationList;
			buildConfigurations = (
				439684681F69E73400CEC79B /* Debug */,
				439684691F69E73400CEC79B /* Release */,
				439684731F6A0DD100CEC79B /* Analyse */,
			);
			defaultConfigurationIsVisible = 0;
			defaultConfigurationName = Release;
		};
		43EF36AF1F16F9D70013FA8A /* Build configuration list for PBXProject "Hometap" */ = {
			isa = XCConfigurationList;
			buildConfigurations = (
				43EF36C41F16F9D70013FA8A /* Debug */,
				43EF36C51F16F9D70013FA8A /* Release */,
				439684711F6A0DD100CEC79B /* Analyse */,
			);
			defaultConfigurationIsVisible = 0;
			defaultConfigurationName = Release;
		};
		43EF36C61F16F9D70013FA8A /* Build configuration list for PBXNativeTarget "Hometap" */ = {
			isa = XCConfigurationList;
			buildConfigurations = (
				43EF36C71F16F9D70013FA8A /* Debug */,
				43EF36C81F16F9D70013FA8A /* Release */,
				439684721F6A0DD100CEC79B /* Analyse */,
			);
			defaultConfigurationIsVisible = 0;
			defaultConfigurationName = Release;
		};
/* End XCConfigurationList section */
	};
	rootObject = 43EF36AC1F16F9D70013FA8A /* Project object */;
}
