// !$*UTF8*$!
{
	archiveVersion = 1;
	classes = {
	};
	objectVersion = 46;
	objects = {

/* Begin PBXBuildFile section */
		43EF36B81F16F9D70013FA8A /* AppDelegate.swift in Sources */ = {isa = PBXBuildFile; fileRef = 43EF36B71F16F9D70013FA8A /* AppDelegate.swift */; };
		43EF36BA1F16F9D70013FA8A /* ViewController.swift in Sources */ = {isa = PBXBuildFile; fileRef = 43EF36B91F16F9D70013FA8A /* ViewController.swift */; };
		43EF36BD1F16F9D70013FA8A /* Main.storyboard in Resources */ = {isa = PBXBuildFile; fileRef = 43EF36BB1F16F9D70013FA8A /* Main.storyboard */; };
		43EF36BF1F16F9D70013FA8A /* Assets.xcassets in Resources */ = {isa = PBXBuildFile; fileRef = 43EF36BE1F16F9D70013FA8A /* Assets.xcassets */; };
		43EF36C21F16F9D70013FA8A /* LaunchScreen.storyboard in Resources */ = {isa = PBXBuildFile; fileRef = 43EF36C01F16F9D70013FA8A /* LaunchScreen.storyboard */; };
		D2AEE9A00BDCD00A6AE0B646 /* Pods_Hometap.framework in Frameworks */ = {isa = PBXBuildFile; fileRef = D4DD91A8EF45F8D8BC4721D4 /* Pods_Hometap.framework */; };
/* End PBXBuildFile section */

/* Begin PBXFileReference section */
		41EE0E6489CEC26245E3FF96 /* Pods-Hometap.debug.xcconfig */ = {isa = PBXFileReference; includeInIndex = 1; lastKnownFileType = text.xcconfig; name = "Pods-Hometap.debug.xcconfig"; path = "Pods/Target Support Files/Pods-Hometap/Pods-Hometap.debug.xcconfig"; sourceTree = "<group>"; };
		43EF36B41F16F9D70013FA8A /* Hometap.app */ = {isa = PBXFileReference; explicitFileType = wrapper.application; includeInIndex = 0; path = Hometap.app; sourceTree = BUILT_PRODUCTS_DIR; };
		43EF36B71F16F9D70013FA8A /* AppDelegate.swift */ = {isa = PBXFileReference; lastKnownFileType = sourcecode.swift; path = AppDelegate.swift; sourceTree = "<group>"; };
		43EF36B91F16F9D70013FA8A /* ViewController.swift */ = {isa = PBXFileReference; lastKnownFileType = sourcecode.swift; path = ViewController.swift; sourceTree = "<group>"; };
		43EF36BC1F16F9D70013FA8A /* Base */ = {isa = PBXFileReference; lastKnownFileType = file.storyboard; name = Base; path = Base.lproj/Main.storyboard; sourceTree = "<group>"; };
		43EF36BE1F16F9D70013FA8A /* Assets.xcassets */ = {isa = PBXFileReference; lastKnownFileType = folder.assetcatalog; path = Assets.xcassets; sourceTree = "<group>"; };
		43EF36C11F16F9D70013FA8A /* Base */ = {isa = PBXFileReference; lastKnownFileType = file.storyboard; name = Base; path = Base.lproj/LaunchScreen.storyboard; sourceTree = "<group>"; };
		43EF36C31F16F9D70013FA8A /* Info.plist */ = {isa = PBXFileReference; lastKnownFileType = text.plist.xml; path = Info.plist; sourceTree = "<group>"; };
		D4DD91A8EF45F8D8BC4721D4 /* Pods_Hometap.framework */ = {isa = PBXFileReference; explicitFileType = wrapper.framework; includeInIndex = 0; path = Pods_Hometap.framework; sourceTree = BUILT_PRODUCTS_DIR; };
		F12207F516A8590C3EA62B6B /* Pods-Hometap.release.xcconfig */ = {isa = PBXFileReference; includeInIndex = 1; lastKnownFileType = text.xcconfig; name = "Pods-Hometap.release.xcconfig"; path = "Pods/Target Support Files/Pods-Hometap/Pods-Hometap.release.xcconfig"; sourceTree = "<group>"; };
/* End PBXFileReference section */

/* Begin PBXFrameworksBuildPhase section */
		43EF36B11F16F9D70013FA8A /* Frameworks */ = {
			isa = PBXFrameworksBuildPhase;
			buildActionMask = 2147483647;
			files = (
				D2AEE9A00BDCD00A6AE0B646 /* Pods_Hometap.framework in Frameworks */,
			);
			runOnlyForDeploymentPostprocessing = 0;
		};
/* End PBXFrameworksBuildPhase section */

/* Begin PBXGroup section */
		165B4CCA16BBFBF31DE566DE /* Frameworks */ = {
			isa = PBXGroup;
			children = (
				D4DD91A8EF45F8D8BC4721D4 /* Pods_Hometap.framework */,
			);
			name = Frameworks;
			sourceTree = "<group>";
		};
		43EF36AB1F16F9D70013FA8A = {
			isa = PBXGroup;
			children = (
				43EF36B61F16F9D70013FA8A /* Hometap */,
				43EF36B51F16F9D70013FA8A /* Products */,
				680DBB1B8D961335B2705647 /* Pods */,
				165B4CCA16BBFBF31DE566DE /* Frameworks */,
			);
			sourceTree = "<group>";
		};
		43EF36B51F16F9D70013FA8A /* Products */ = {
			isa = PBXGroup;
			children = (
				43EF36B41F16F9D70013FA8A /* Hometap.app */,
			);
			name = Products;
			sourceTree = "<group>";
		};
		43EF36B61F16F9D70013FA8A /* Hometap */ = {
			isa = PBXGroup;
			children = (
				43EF36B71F16F9D70013FA8A /* AppDelegate.swift */,
				43EF36B91F16F9D70013FA8A /* ViewController.swift */,
				43EF36BB1F16F9D70013FA8A /* Main.storyboard */,
				43EF36BE1F16F9D70013FA8A /* Assets.xcassets */,
				43EF36C01F16F9D70013FA8A /* LaunchScreen.storyboard */,
				43EF36C31F16F9D70013FA8A /* Info.plist */,
			);
			path = Hometap;
			sourceTree = "<group>";
		};
		680DBB1B8D961335B2705647 /* Pods */ = {
			isa = PBXGroup;
			children = (
				41EE0E6489CEC26245E3FF96 /* Pods-Hometap.debug.xcconfig */,
				F12207F516A8590C3EA62B6B /* Pods-Hometap.release.xcconfig */,
			);
			name = Pods;
			sourceTree = "<group>";
		};
/* End PBXGroup section */

/* Begin PBXNativeTarget section */
		43EF36B31F16F9D70013FA8A /* Hometap */ = {
			isa = PBXNativeTarget;
			buildConfigurationList = 43EF36C61F16F9D70013FA8A /* Build configuration list for PBXNativeTarget "Hometap" */;
			buildPhases = (
				CB4E92BCBB9EFAB2EC266CD4 /* [CP] Check Pods Manifest.lock */,
				43EF36B01F16F9D70013FA8A /* Sources */,
				43EF36B11F16F9D70013FA8A /* Frameworks */,
				43EF36B21F16F9D70013FA8A /* Resources */,
				57D189614B8DB2A2E5E23827 /* [CP] Embed Pods Frameworks */,
				09EF6F5388FB57FFCB43A93E /* [CP] Copy Pods Resources */,
			);
			buildRules = (
			);
			dependencies = (
			);
			name = Hometap;
			productName = Hometap;
			productReference = 43EF36B41F16F9D70013FA8A /* Hometap.app */;
			productType = "com.apple.product-type.application";
		};
/* End PBXNativeTarget section */

/* Begin PBXProject section */
		43EF36AC1F16F9D70013FA8A /* Project object */ = {
			isa = PBXProject;
			attributes = {
				LastSwiftUpdateCheck = 0830;
				LastUpgradeCheck = 0830;
				ORGANIZATIONNAME = "Tres Astronautas";
				TargetAttributes = {
					43EF36B31F16F9D70013FA8A = {
						CreatedOnToolsVersion = 8.3.2;
						ProvisioningStyle = Automatic;
					};
				};
			};
			buildConfigurationList = 43EF36AF1F16F9D70013FA8A /* Build configuration list for PBXProject "Hometap" */;
			compatibilityVersion = "Xcode 3.2";
			developmentRegion = English;
			hasScannedForEncodings = 0;
			knownRegions = (
				en,
				Base,
			);
			mainGroup = 43EF36AB1F16F9D70013FA8A;
			productRefGroup = 43EF36B51F16F9D70013FA8A /* Products */;
			projectDirPath = "";
			projectRoot = "";
			targets = (
				43EF36B31F16F9D70013FA8A /* Hometap */,
			);
		};
/* End PBXProject section */

/* Begin PBXResourcesBuildPhase section */
		43EF36B21F16F9D70013FA8A /* Resources */ = {
			isa = PBXResourcesBuildPhase;
			buildActionMask = 2147483647;
			files = (
				43EF36C21F16F9D70013FA8A /* LaunchScreen.storyboard in Resources */,
				43EF36BF1F16F9D70013FA8A /* Assets.xcassets in Resources */,
				43EF36BD1F16F9D70013FA8A /* Main.storyboard in Resources */,
			);
			runOnlyForDeploymentPostprocessing = 0;
		};
/* End PBXResourcesBuildPhase section */

/* Begin PBXShellScriptBuildPhase section */
		09EF6F5388FB57FFCB43A93E /* [CP] Copy Pods Resources */ = {
			isa = PBXShellScriptBuildPhase;
			buildActionMask = 2147483647;
			files = (
			);
			inputPaths = (
			);
			name = "[CP] Copy Pods Resources";
			outputPaths = (
			);
			runOnlyForDeploymentPostprocessing = 0;
			shellPath = /bin/sh;
			shellScript = "\"${SRCROOT}/Pods/Target Support Files/Pods-Hometap/Pods-Hometap-resources.sh\"\n";
			showEnvVarsInLog = 0;
		};
		57D189614B8DB2A2E5E23827 /* [CP] Embed Pods Frameworks */ = {
			isa = PBXShellScriptBuildPhase;
			buildActionMask = 2147483647;
			files = (
			);
			inputPaths = (
			);
			name = "[CP] Embed Pods Frameworks";
			outputPaths = (
			);
			runOnlyForDeploymentPostprocessing = 0;
			shellPath = /bin/sh;
			shellScript = "\"${SRCROOT}/Pods/Target Support Files/Pods-Hometap/Pods-Hometap-frameworks.sh\"\n";
			showEnvVarsInLog = 0;
		};
		CB4E92BCBB9EFAB2EC266CD4 /* [CP] Check Pods Manifest.lock */ = {
			isa = PBXShellScriptBuildPhase;
			buildActionMask = 2147483647;
			files = (
			);
			inputPaths = (
			);
			name = "[CP] Check Pods Manifest.lock";
			outputPaths = (
			);
			runOnlyForDeploymentPostprocessing = 0;
			shellPath = /bin/sh;
			shellScript = "diff \"${PODS_PODFILE_DIR_PATH}/Podfile.lock\" \"${PODS_ROOT}/Manifest.lock\" > /dev/null\nif [ $? != 0 ] ; then\n    # print error to STDERR\n    echo \"error: The sandbox is not in sync with the Podfile.lock. Run 'pod install' or update your CocoaPods installation.\" >&2\n    exit 1\nfi\n";
			showEnvVarsInLog = 0;
		};
/* End PBXShellScriptBuildPhase section */

/* Begin PBXSourcesBuildPhase section */
		43EF36B01F16F9D70013FA8A /* Sources */ = {
			isa = PBXSourcesBuildPhase;
			buildActionMask = 2147483647;
			files = (
				43EF36BA1F16F9D70013FA8A /* ViewController.swift in Sources */,
				43EF36B81F16F9D70013FA8A /* AppDelegate.swift in Sources */,
			);
			runOnlyForDeploymentPostprocessing = 0;
		};
/* End PBXSourcesBuildPhase section */

/* Begin PBXVariantGroup section */
		43EF36BB1F16F9D70013FA8A /* Main.storyboard */ = {
			isa = PBXVariantGroup;
			children = (
				43EF36BC1F16F9D70013FA8A /* Base */,
			);
			name = Main.storyboard;
			sourceTree = "<group>";
		};
		43EF36C01F16F9D70013FA8A /* LaunchScreen.storyboard */ = {
			isa = PBXVariantGroup;
			children = (
				43EF36C11F16F9D70013FA8A /* Base */,
			);
			name = LaunchScreen.storyboard;
			sourceTree = "<group>";
		};
/* End PBXVariantGroup section */

/* Begin XCBuildConfiguration section */
		43EF36C41F16F9D70013FA8A /* Debug */ = {
			isa = XCBuildConfiguration;
			buildSettings = {
				ALWAYS_SEARCH_USER_PATHS = NO;
				CLANG_ANALYZER_NONNULL = YES;
				CLANG_ANALYZER_NUMBER_OBJECT_CONVERSION = YES_AGGRESSIVE;
				CLANG_CXX_LANGUAGE_STANDARD = "gnu++0x";
				CLANG_CXX_LIBRARY = "libc++";
				CLANG_ENABLE_MODULES = YES;
				CLANG_ENABLE_OBJC_ARC = YES;
				CLANG_WARN_BOOL_CONVERSION = YES;
				CLANG_WARN_CONSTANT_CONVERSION = YES;
				CLANG_WARN_DIRECT_OBJC_ISA_USAGE = YES_ERROR;
				CLANG_WARN_DOCUMENTATION_COMMENTS = YES;
				CLANG_WARN_EMPTY_BODY = YES;
				CLANG_WARN_ENUM_CONVERSION = YES;
				CLANG_WARN_INFINITE_RECURSION = YES;
				CLANG_WARN_INT_CONVERSION = YES;
				CLANG_WARN_OBJC_ROOT_CLASS = YES_ERROR;
				CLANG_WARN_SUSPICIOUS_MOVE = YES;
				CLANG_WARN_UNREACHABLE_CODE = YES;
				CLANG_WARN__DUPLICATE_METHOD_MATCH = YES;
				"CODE_SIGN_IDENTITY[sdk=iphoneos*]" = "iPhone Developer";
				COPY_PHASE_STRIP = NO;
				DEBUG_INFORMATION_FORMAT = dwarf;
				ENABLE_STRICT_OBJC_MSGSEND = YES;
				ENABLE_TESTABILITY = YES;
				GCC_C_LANGUAGE_STANDARD = gnu99;
				GCC_DYNAMIC_NO_PIC = NO;
				GCC_NO_COMMON_BLOCKS = YES;
				GCC_OPTIMIZATION_LEVEL = 0;
				GCC_PREPROCESSOR_DEFINITIONS = (
					"DEBUG=1",
					"$(inherited)",
				);
				GCC_WARN_64_TO_32_BIT_CONVERSION = YES;
				GCC_WARN_ABOUT_RETURN_TYPE = YES_ERROR;
				GCC_WARN_UNDECLARED_SELECTOR = YES;
				GCC_WARN_UNINITIALIZED_AUTOS = YES_AGGRESSIVE;
				GCC_WARN_UNUSED_FUNCTION = YES;
				GCC_WARN_UNUSED_VARIABLE = YES;
				IPHONEOS_DEPLOYMENT_TARGET = 10.3;
				MTL_ENABLE_DEBUG_INFO = YES;
				ONLY_ACTIVE_ARCH = YES;
				SDKROOT = iphoneos;
				SWIFT_ACTIVE_COMPILATION_CONDITIONS = DEBUG;
				SWIFT_OPTIMIZATION_LEVEL = "-Onone";
			};
			name = Debug;
		};
		43EF36C51F16F9D70013FA8A /* Release */ = {
			isa = XCBuildConfiguration;
			buildSettings = {
				ALWAYS_SEARCH_USER_PATHS = NO;
				CLANG_ANALYZER_NONNULL = YES;
				CLANG_ANALYZER_NUMBER_OBJECT_CONVERSION = YES_AGGRESSIVE;
				CLANG_CXX_LANGUAGE_STANDARD = "gnu++0x";
				CLANG_CXX_LIBRARY = "libc++";
				CLANG_ENABLE_MODULES = YES;
				CLANG_ENABLE_OBJC_ARC = YES;
				CLANG_WARN_BOOL_CONVERSION = YES;
				CLANG_WARN_CONSTANT_CONVERSION = YES;
				CLANG_WARN_DIRECT_OBJC_ISA_USAGE = YES_ERROR;
				CLANG_WARN_DOCUMENTATION_COMMENTS = YES;
				CLANG_WARN_EMPTY_BODY = YES;
				CLANG_WARN_ENUM_CONVERSION = YES;
				CLANG_WARN_INFINITE_RECURSION = YES;
				CLANG_WARN_INT_CONVERSION = YES;
				CLANG_WARN_OBJC_ROOT_CLASS = YES_ERROR;
				CLANG_WARN_SUSPICIOUS_MOVE = YES;
				CLANG_WARN_UNREACHABLE_CODE = YES;
				CLANG_WARN__DUPLICATE_METHOD_MATCH = YES;
				"CODE_SIGN_IDENTITY[sdk=iphoneos*]" = "iPhone Developer";
				COPY_PHASE_STRIP = NO;
				DEBUG_INFORMATION_FORMAT = "dwarf-with-dsym";
				ENABLE_NS_ASSERTIONS = NO;
				ENABLE_STRICT_OBJC_MSGSEND = YES;
				GCC_C_LANGUAGE_STANDARD = gnu99;
				GCC_NO_COMMON_BLOCKS = YES;
				GCC_WARN_64_TO_32_BIT_CONVERSION = YES;
				GCC_WARN_ABOUT_RETURN_TYPE = YES_ERROR;
				GCC_WARN_UNDECLARED_SELECTOR = YES;
				GCC_WARN_UNINITIALIZED_AUTOS = YES_AGGRESSIVE;
				GCC_WARN_UNUSED_FUNCTION = YES;
				GCC_WARN_UNUSED_VARIABLE = YES;
				IPHONEOS_DEPLOYMENT_TARGET = 10.3;
				MTL_ENABLE_DEBUG_INFO = NO;
				SDKROOT = iphoneos;
				SWIFT_OPTIMIZATION_LEVEL = "-Owholemodule";
				VALIDATE_PRODUCT = YES;
			};
			name = Release;
		};
		43EF36C71F16F9D70013FA8A /* Debug */ = {
			isa = XCBuildConfiguration;
			baseConfigurationReference = 41EE0E6489CEC26245E3FF96 /* Pods-Hometap.debug.xcconfig */;
			buildSettings = {
				ASSETCATALOG_COMPILER_APPICON_NAME = AppIcon;
				INFOPLIST_FILE = Hometap/Info.plist;
				LD_RUNPATH_SEARCH_PATHS = "$(inherited) @executable_path/Frameworks";
				PRODUCT_BUNDLE_IDENTIFIER = com.tresastronautas.Hometap;
				PRODUCT_NAME = "$(TARGET_NAME)";
				SWIFT_VERSION = 3.0;
			};
			name = Debug;
		};
		43EF36C81F16F9D70013FA8A /* Release */ = {
			isa = XCBuildConfiguration;
			baseConfigurationReference = F12207F516A8590C3EA62B6B /* Pods-Hometap.release.xcconfig */;
			buildSettings = {
				ASSETCATALOG_COMPILER_APPICON_NAME = AppIcon;
				INFOPLIST_FILE = Hometap/Info.plist;
				LD_RUNPATH_SEARCH_PATHS = "$(inherited) @executable_path/Frameworks";
				PRODUCT_BUNDLE_IDENTIFIER = com.tresastronautas.Hometap;
				PRODUCT_NAME = "$(TARGET_NAME)";
				SWIFT_VERSION = 3.0;
			};
			name = Release;
		};
/* End XCBuildConfiguration section */

/* Begin XCConfigurationList section */
		43EF36AF1F16F9D70013FA8A /* Build configuration list for PBXProject "Hometap" */ = {
			isa = XCConfigurationList;
			buildConfigurations = (
				43EF36C41F16F9D70013FA8A /* Debug */,
				43EF36C51F16F9D70013FA8A /* Release */,
			);
			defaultConfigurationIsVisible = 0;
			defaultConfigurationName = Release;
		};
		43EF36C61F16F9D70013FA8A /* Build configuration list for PBXNativeTarget "Hometap" */ = {
			isa = XCConfigurationList;
			buildConfigurations = (
				43EF36C71F16F9D70013FA8A /* Debug */,
				43EF36C81F16F9D70013FA8A /* Release */,
			);
			defaultConfigurationIsVisible = 0;
		};
/* End XCConfigurationList section */
	};
	rootObject = 43EF36AC1F16F9D70013FA8A /* Project object */;
}
